// !$*UTF8*$!
{
	archiveVersion = 1;
	classes = {
	};
	objectVersion = 51;
	objects = {

/* Begin PBXBuildFile section */
		4B9EF750733806E5732F9A7A /* Pods_MVVMCMarvelCharacters_MVVMCMarvelCharactersUITests.framework in Frameworks */ = {isa = PBXBuildFile; fileRef = CC0FBCE4BD5A92E71A2E9147 /* Pods_MVVMCMarvelCharacters_MVVMCMarvelCharactersUITests.framework */; };
		A02A2D081B45BE1BEEFD3E2E /* Pods_MVVMCMarvelCharactersTests.framework in Frameworks */ = {isa = PBXBuildFile; fileRef = 232CCE3E84E834225424494A /* Pods_MVVMCMarvelCharactersTests.framework */; };
		A812629A2404038D004C14A5 /* CharacterViewModelCoordinatorDelegate.swift in Sources */ = {isa = PBXBuildFile; fileRef = A81262992404038D004C14A5 /* CharacterViewModelCoordinatorDelegate.swift */; };
		A812629C24040480004C14A5 /* CharacterCoordinatorDelegate.swift in Sources */ = {isa = PBXBuildFile; fileRef = A812629B24040480004C14A5 /* CharacterCoordinatorDelegate.swift */; };
		A83D258123FF2C6A0086ED13 /* API.swift in Sources */ = {isa = PBXBuildFile; fileRef = A83D258023FF2C6A0086ED13 /* API.swift */; };
		A83D258623FF2CA90086ED13 /* StringMD5.swift in Sources */ = {isa = PBXBuildFile; fileRef = A83D258523FF2CA90086ED13 /* StringMD5.swift */; };
		A83D258923FF2DA50086ED13 /* MoyaService.swift in Sources */ = {isa = PBXBuildFile; fileRef = A83D258823FF2DA50086ED13 /* MoyaService.swift */; };
		A83D258F23FF2F970086ED13 /* ServiceError.swift in Sources */ = {isa = PBXBuildFile; fileRef = A83D258D23FF2F970086ED13 /* ServiceError.swift */; };
		A83D259323FF30430086ED13 /* DataWrapper.swift in Sources */ = {isa = PBXBuildFile; fileRef = A83D259023FF30430086ED13 /* DataWrapper.swift */; };
		A83D259423FF30430086ED13 /* DataContainer.swift in Sources */ = {isa = PBXBuildFile; fileRef = A83D259123FF30430086ED13 /* DataContainer.swift */; };
		A83D259523FF30430086ED13 /* Image.swift in Sources */ = {isa = PBXBuildFile; fileRef = A83D259223FF30430086ED13 /* Image.swift */; };
		A87EF14323FF323200C71ED8 /* CharactersService.swift in Sources */ = {isa = PBXBuildFile; fileRef = A87EF14223FF323200C71ED8 /* CharactersService.swift */; };
		A87EF14623FF329E00C71ED8 /* Character.swift in Sources */ = {isa = PBXBuildFile; fileRef = A87EF14523FF329E00C71ED8 /* Character.swift */; };
		A87EF14B23FF32C800C71ED8 /* ComicList.swift in Sources */ = {isa = PBXBuildFile; fileRef = A87EF14723FF32C700C71ED8 /* ComicList.swift */; };
		A87EF14C23FF32C800C71ED8 /* Series.swift in Sources */ = {isa = PBXBuildFile; fileRef = A87EF14823FF32C700C71ED8 /* Series.swift */; };
		A87EF14D23FF32C800C71ED8 /* Comic.swift in Sources */ = {isa = PBXBuildFile; fileRef = A87EF14923FF32C700C71ED8 /* Comic.swift */; };
		A87EF14E23FF32C800C71ED8 /* SeriesList.swift in Sources */ = {isa = PBXBuildFile; fileRef = A87EF14A23FF32C700C71ED8 /* SeriesList.swift */; };
		A87EF15C23FF396C00C71ED8 /* BaseViewModelProtocol.swift in Sources */ = {isa = PBXBuildFile; fileRef = A87EF15B23FF396C00C71ED8 /* BaseViewModelProtocol.swift */; };
		A87EF15E23FF434900C71ED8 /* ViewDelegate.swift in Sources */ = {isa = PBXBuildFile; fileRef = A87EF15D23FF434900C71ED8 /* ViewDelegate.swift */; };
		A87EF16223FF443100C71ED8 /* BaseViewModel.swift in Sources */ = {isa = PBXBuildFile; fileRef = A87EF16123FF443100C71ED8 /* BaseViewModel.swift */; };
		A87EF16423FFEB6E00C71ED8 /* PaginableViewModelProtocol.swift in Sources */ = {isa = PBXBuildFile; fileRef = A87EF16323FFEB6E00C71ED8 /* PaginableViewModelProtocol.swift */; };
		A87EF16623FFEBE100C71ED8 /* PaginableViewModel.swift in Sources */ = {isa = PBXBuildFile; fileRef = A87EF16523FFEBE100C71ED8 /* PaginableViewModel.swift */; };
		A87EF16823FFECC600C71ED8 /* LoadableViewDelegate.swift in Sources */ = {isa = PBXBuildFile; fileRef = A87EF16723FFECC600C71ED8 /* LoadableViewDelegate.swift */; };
		A87EF16A23FFF44A00C71ED8 /* CharactersServiceProtocol.swift in Sources */ = {isa = PBXBuildFile; fileRef = A87EF16923FFF44A00C71ED8 /* CharactersServiceProtocol.swift */; };
		A87EF171240013E800C71ED8 /* UITableViewCell+Identifier+nib.swift in Sources */ = {isa = PBXBuildFile; fileRef = A87EF170240013E800C71ED8 /* UITableViewCell+Identifier+nib.swift */; };
		A8939F1F2403C66900FCD440 /* CharactersViewModelProtocol.swift in Sources */ = {isa = PBXBuildFile; fileRef = A8939F1C2403C66900FCD440 /* CharactersViewModelProtocol.swift */; };
		A8939F202403C66900FCD440 /* CharactersViewModelCoordinatorDelegate.swift in Sources */ = {isa = PBXBuildFile; fileRef = A8939F1D2403C66900FCD440 /* CharactersViewModelCoordinatorDelegate.swift */; };
		A8939F212403C66900FCD440 /* CharactersViewModel.swift in Sources */ = {isa = PBXBuildFile; fileRef = A8939F1E2403C66900FCD440 /* CharactersViewModel.swift */; };
		A8939F232403C72C00FCD440 /* UIViewController+Alert.swift in Sources */ = {isa = PBXBuildFile; fileRef = A8939F222403C72C00FCD440 /* UIViewController+Alert.swift */; };
		A8AE549623FDC7D900D3D361 /* AppDelegate.swift in Sources */ = {isa = PBXBuildFile; fileRef = A8AE549523FDC7D900D3D361 /* AppDelegate.swift */; };
		A8AE549823FDC7D900D3D361 /* SceneDelegate.swift in Sources */ = {isa = PBXBuildFile; fileRef = A8AE549723FDC7D900D3D361 /* SceneDelegate.swift */; };
		A8AE549F23FDC7DD00D3D361 /* Assets.xcassets in Resources */ = {isa = PBXBuildFile; fileRef = A8AE549E23FDC7DD00D3D361 /* Assets.xcassets */; };
		A8AE54A223FDC7DD00D3D361 /* LaunchScreen.storyboard in Resources */ = {isa = PBXBuildFile; fileRef = A8AE54A023FDC7DD00D3D361 /* LaunchScreen.storyboard */; };
		A8AE54AD23FDC7DD00D3D361 /* MVVMCMarvelCharactersTests.swift in Sources */ = {isa = PBXBuildFile; fileRef = A8AE54AC23FDC7DD00D3D361 /* MVVMCMarvelCharactersTests.swift */; };
		A8AE54B823FDC7DD00D3D361 /* MVVMCMarvelCharactersUITests.swift in Sources */ = {isa = PBXBuildFile; fileRef = A8AE54B723FDC7DD00D3D361 /* MVVMCMarvelCharactersUITests.swift */; };
		A8B28FFE2403CC0900BA053E /* LoadingCell.swift in Sources */ = {isa = PBXBuildFile; fileRef = A8B28FFC2403CC0900BA053E /* LoadingCell.swift */; };
		A8B28FFF2403CC0900BA053E /* LoadingCell.xib in Resources */ = {isa = PBXBuildFile; fileRef = A8B28FFD2403CC0900BA053E /* LoadingCell.xib */; };
		A8B290042403DE4400BA053E /* CharacterInfoDescriptionlessCell.swift in Sources */ = {isa = PBXBuildFile; fileRef = A8B290022403DE4400BA053E /* CharacterInfoDescriptionlessCell.swift */; };
		A8B290052403DE4400BA053E /* CharacterInfoDescriptionlessCell.xib in Resources */ = {isa = PBXBuildFile; fileRef = A8B290032403DE4400BA053E /* CharacterInfoDescriptionlessCell.xib */; };
		A8B5F69023FDCA0200CDC5B4 /* Coordinator.swift in Sources */ = {isa = PBXBuildFile; fileRef = A8B5F68F23FDCA0200CDC5B4 /* Coordinator.swift */; };
		A8B5F69223FDCA7800CDC5B4 /* AppCoordinator.swift in Sources */ = {isa = PBXBuildFile; fileRef = A8B5F69123FDCA7800CDC5B4 /* AppCoordinator.swift */; };
		A8B5F69723FDD4A800CDC5B4 /* CharactersCoordinator.swift in Sources */ = {isa = PBXBuildFile; fileRef = A8B5F69623FDD4A800CDC5B4 /* CharactersCoordinator.swift */; };
		A8BA82E52401696100710080 /* CharactersDataSource.swift in Sources */ = {isa = PBXBuildFile; fileRef = A8BA82E42401696100710080 /* CharactersDataSource.swift */; };
		A8BA82E72401707A00710080 /* InfiniteCollectionViewDelegate.swift in Sources */ = {isa = PBXBuildFile; fileRef = A8BA82E62401707A00710080 /* InfiniteCollectionViewDelegate.swift */; };
		A8BA82EB2401739500710080 /* CharacterCoordinator.swift in Sources */ = {isa = PBXBuildFile; fileRef = A8BA82EA2401739500710080 /* CharacterCoordinator.swift */; };
		A8BA82F02402779400710080 /* CharacterVC.swift in Sources */ = {isa = PBXBuildFile; fileRef = A8BA82EE2402779400710080 /* CharacterVC.swift */; };
		A8BA82F12402779400710080 /* CharacterVC.xib in Resources */ = {isa = PBXBuildFile; fileRef = A8BA82EF2402779400710080 /* CharacterVC.xib */; };
		A8BA82F324027A0600710080 /* CharacterDataSource.swift in Sources */ = {isa = PBXBuildFile; fileRef = A8BA82F224027A0600710080 /* CharacterDataSource.swift */; };
		A8BA82F524027A9200710080 /* CharacterViewModel.swift in Sources */ = {isa = PBXBuildFile; fileRef = A8BA82F424027A9200710080 /* CharacterViewModel.swift */; };
		A8BA82F724027AA700710080 /* CharacterViewModelProtocol.swift in Sources */ = {isa = PBXBuildFile; fileRef = A8BA82F624027AA700710080 /* CharacterViewModelProtocol.swift */; };
		A8BA82F92402816B00710080 /* CharacterSectionProtocol.swift in Sources */ = {isa = PBXBuildFile; fileRef = A8BA82F82402816B00710080 /* CharacterSectionProtocol.swift */; };
		A8BA82FB240281D800710080 /* CharacterSectionType.swift in Sources */ = {isa = PBXBuildFile; fileRef = A8BA82FA240281D800710080 /* CharacterSectionType.swift */; };
		A8BA82FD240282F300710080 /* CharacterInfoViewModelProtocol.swift in Sources */ = {isa = PBXBuildFile; fileRef = A8BA82FC240282F300710080 /* CharacterInfoViewModelProtocol.swift */; };
		A8BA83002402830F00710080 /* CharacterInfoViewModel.swift in Sources */ = {isa = PBXBuildFile; fileRef = A8BA82FF2402830F00710080 /* CharacterInfoViewModel.swift */; };
		A8BA83032402848F00710080 /* CharacterComicsViewModelProtocol.swift in Sources */ = {isa = PBXBuildFile; fileRef = A8BA83022402848F00710080 /* CharacterComicsViewModelProtocol.swift */; };
		A8BA8306240285AE00710080 /* CharacterComicsViewModel.swift in Sources */ = {isa = PBXBuildFile; fileRef = A8BA8305240285AE00710080 /* CharacterComicsViewModel.swift */; };
		A8BA83092402869800710080 /* CharacterComicsServiceProtocol.swift in Sources */ = {isa = PBXBuildFile; fileRef = A8BA83082402869800710080 /* CharacterComicsServiceProtocol.swift */; };
		A8BA830B2402898400710080 /* CharacterComicsService.swift in Sources */ = {isa = PBXBuildFile; fileRef = A8BA830A2402898400710080 /* CharacterComicsService.swift */; };
		A8BA830E24028BDE00710080 /* CharacterSeriesViewModelProtocol.swift in Sources */ = {isa = PBXBuildFile; fileRef = A8BA830D24028BDE00710080 /* CharacterSeriesViewModelProtocol.swift */; };
		A8BA831024028BF400710080 /* CharacterSeriesViewModel.swift in Sources */ = {isa = PBXBuildFile; fileRef = A8BA830F24028BF400710080 /* CharacterSeriesViewModel.swift */; };
		A8BA831224028C1700710080 /* CharacterSeriesService.swift in Sources */ = {isa = PBXBuildFile; fileRef = A8BA831124028C1700710080 /* CharacterSeriesService.swift */; };
		A8BA831424028C3600710080 /* CharacterSeriesServiceProtocol.swift in Sources */ = {isa = PBXBuildFile; fileRef = A8BA831324028C3600710080 /* CharacterSeriesServiceProtocol.swift */; };
		A8BA8319240290FF00710080 /* CharacterInfoCell.swift in Sources */ = {isa = PBXBuildFile; fileRef = A8BA8317240290FF00710080 /* CharacterInfoCell.swift */; };
		A8BA831A240290FF00710080 /* CharacterInfoCell.xib in Resources */ = {isa = PBXBuildFile; fileRef = A8BA8318240290FF00710080 /* CharacterInfoCell.xib */; };
		A8BA83202402A4C100710080 /* CharacterComicsCell.swift in Sources */ = {isa = PBXBuildFile; fileRef = A8BA831E2402A4C100710080 /* CharacterComicsCell.swift */; };
		A8BA83212402A4C100710080 /* CharacterComicsCell.xib in Resources */ = {isa = PBXBuildFile; fileRef = A8BA831F2402A4C100710080 /* CharacterComicsCell.xib */; };
		A8BA83272402AB9E00710080 /* ComicsCollectionViewCell.swift in Sources */ = {isa = PBXBuildFile; fileRef = A8BA83252402AB9E00710080 /* ComicsCollectionViewCell.swift */; };
		A8BA83282402AB9E00710080 /* ComicsCollectionViewCell.xib in Resources */ = {isa = PBXBuildFile; fileRef = A8BA83262402AB9E00710080 /* ComicsCollectionViewCell.xib */; };
		A8BA832A2402ACB600710080 /* UIImageView+ByUrl.swift in Sources */ = {isa = PBXBuildFile; fileRef = A8BA83292402ACB600710080 /* UIImageView+ByUrl.swift */; };
		A8BA832C2402EA5400710080 /* CharacterComicsDataSource.swift in Sources */ = {isa = PBXBuildFile; fileRef = A8BA832B2402EA5400710080 /* CharacterComicsDataSource.swift */; };
		A8BA832E2402F10900710080 /* UICollectionViewCell+Identifier+nib.swift in Sources */ = {isa = PBXBuildFile; fileRef = A8BA832D2402F10900710080 /* UICollectionViewCell+Identifier+nib.swift */; };
		A8DD039523FF1E0000F2AD10 /* Environment.swift in Sources */ = {isa = PBXBuildFile; fileRef = A8DD039023FF1E0000F2AD10 /* Environment.swift */; };
		A8F342CA2403042A00D2DCE9 /* CharacterSeriesDataSource.swift in Sources */ = {isa = PBXBuildFile; fileRef = A8F342C92403042A00D2DCE9 /* CharacterSeriesDataSource.swift */; };
		A8F342D12403083500D2DCE9 /* CharacterSeriesCell.swift in Sources */ = {isa = PBXBuildFile; fileRef = A8F342CF2403083500D2DCE9 /* CharacterSeriesCell.swift */; };
		A8F342D22403083500D2DCE9 /* CharacterSeriesCell.xib in Resources */ = {isa = PBXBuildFile; fileRef = A8F342D02403083500D2DCE9 /* CharacterSeriesCell.xib */; };
		A8F342D5240308A500D2DCE9 /* SeriesCollectionViewCell.swift in Sources */ = {isa = PBXBuildFile; fileRef = A8F342D3240308A500D2DCE9 /* SeriesCollectionViewCell.swift */; };
		A8F342D6240308A500D2DCE9 /* SeriesCollectionViewCell.xib in Resources */ = {isa = PBXBuildFile; fileRef = A8F342D4240308A500D2DCE9 /* SeriesCollectionViewCell.xib */; };
		A8F342D924030A2B00D2DCE9 /* CharactersVС.swift in Sources */ = {isa = PBXBuildFile; fileRef = A8F342D724030A2B00D2DCE9 /* CharactersVС.swift */; };
		A8F342DA24030A2B00D2DCE9 /* CharactersVC.xib in Resources */ = {isa = PBXBuildFile; fileRef = A8F342D824030A2B00D2DCE9 /* CharactersVC.xib */; };
		A8F342DE24030A8C00D2DCE9 /* CharacterCell.swift in Sources */ = {isa = PBXBuildFile; fileRef = A8F342DC24030A8C00D2DCE9 /* CharacterCell.swift */; };
		A8F342DF24030A8C00D2DCE9 /* CharacterCell.xib in Resources */ = {isa = PBXBuildFile; fileRef = A8F342DD24030A8C00D2DCE9 /* CharacterCell.xib */; };
		A8F342F52403AA0200D2DCE9 /* BaseCoordinator.swift in Sources */ = {isa = PBXBuildFile; fileRef = A8F342F42403AA0200D2DCE9 /* BaseCoordinator.swift */; };
		C9B13B61240559A200D8171D /* Release.xcconfig in Resources */ = {isa = PBXBuildFile; fileRef = C9B13B5F240559A200D8171D /* Release.xcconfig */; };
		C9B13B62240559A200D8171D /* Development.xcconfig in Resources */ = {isa = PBXBuildFile; fileRef = C9B13B60240559A200D8171D /* Development.xcconfig */; };
		F3EACBF1E010C6D3848808FC /* Pods_MVVMCMarvelCharacters.framework in Frameworks */ = {isa = PBXBuildFile; fileRef = 733353E7751F1861FC2A4D97 /* Pods_MVVMCMarvelCharacters.framework */; };
/* End PBXBuildFile section */

/* Begin PBXContainerItemProxy section */
		A8AE54A923FDC7DD00D3D361 /* PBXContainerItemProxy */ = {
			isa = PBXContainerItemProxy;
			containerPortal = A8AE548A23FDC7D900D3D361 /* Project object */;
			proxyType = 1;
			remoteGlobalIDString = A8AE549123FDC7D900D3D361;
			remoteInfo = MVVMCMarvelCharacters;
		};
		A8AE54B423FDC7DD00D3D361 /* PBXContainerItemProxy */ = {
			isa = PBXContainerItemProxy;
			containerPortal = A8AE548A23FDC7D900D3D361 /* Project object */;
			proxyType = 1;
			remoteGlobalIDString = A8AE549123FDC7D900D3D361;
			remoteInfo = MVVMCMarvelCharacters;
		};
/* End PBXContainerItemProxy section */

/* Begin PBXFileReference section */
		14F77BF78B0BA5AE4D79B083 /* Pods-MVVMCMarvelCharacters.debug.xcconfig */ = {isa = PBXFileReference; includeInIndex = 1; lastKnownFileType = text.xcconfig; name = "Pods-MVVMCMarvelCharacters.debug.xcconfig"; path = "Target Support Files/Pods-MVVMCMarvelCharacters/Pods-MVVMCMarvelCharacters.debug.xcconfig"; sourceTree = "<group>"; };
		232CCE3E84E834225424494A /* Pods_MVVMCMarvelCharactersTests.framework */ = {isa = PBXFileReference; explicitFileType = wrapper.framework; includeInIndex = 0; path = Pods_MVVMCMarvelCharactersTests.framework; sourceTree = BUILT_PRODUCTS_DIR; };
		46C1DDD8B1174C7E334AA4A2 /* Pods-MVVMCMarvelCharactersTests.debug.xcconfig */ = {isa = PBXFileReference; includeInIndex = 1; lastKnownFileType = text.xcconfig; name = "Pods-MVVMCMarvelCharactersTests.debug.xcconfig"; path = "Target Support Files/Pods-MVVMCMarvelCharactersTests/Pods-MVVMCMarvelCharactersTests.debug.xcconfig"; sourceTree = "<group>"; };
		533CE7E5339AC434509C4D2B /* Pods-MVVMCMarvelCharactersTests.release.xcconfig */ = {isa = PBXFileReference; includeInIndex = 1; lastKnownFileType = text.xcconfig; name = "Pods-MVVMCMarvelCharactersTests.release.xcconfig"; path = "Target Support Files/Pods-MVVMCMarvelCharactersTests/Pods-MVVMCMarvelCharactersTests.release.xcconfig"; sourceTree = "<group>"; };
		733353E7751F1861FC2A4D97 /* Pods_MVVMCMarvelCharacters.framework */ = {isa = PBXFileReference; explicitFileType = wrapper.framework; includeInIndex = 0; path = Pods_MVVMCMarvelCharacters.framework; sourceTree = BUILT_PRODUCTS_DIR; };
		A50A069A1831C9A609241AA7 /* Pods-MVVMCMarvelCharacters-MVVMCMarvelCharactersUITests.debug.xcconfig */ = {isa = PBXFileReference; includeInIndex = 1; lastKnownFileType = text.xcconfig; name = "Pods-MVVMCMarvelCharacters-MVVMCMarvelCharactersUITests.debug.xcconfig"; path = "Target Support Files/Pods-MVVMCMarvelCharacters-MVVMCMarvelCharactersUITests/Pods-MVVMCMarvelCharacters-MVVMCMarvelCharactersUITests.debug.xcconfig"; sourceTree = "<group>"; };
		A81262992404038D004C14A5 /* CharacterViewModelCoordinatorDelegate.swift */ = {isa = PBXFileReference; lastKnownFileType = sourcecode.swift; path = CharacterViewModelCoordinatorDelegate.swift; sourceTree = "<group>"; };
		A812629B24040480004C14A5 /* CharacterCoordinatorDelegate.swift */ = {isa = PBXFileReference; lastKnownFileType = sourcecode.swift; path = CharacterCoordinatorDelegate.swift; sourceTree = "<group>"; };
		A83D258023FF2C6A0086ED13 /* API.swift */ = {isa = PBXFileReference; fileEncoding = 4; lastKnownFileType = sourcecode.swift; path = API.swift; sourceTree = "<group>"; };
		A83D258523FF2CA90086ED13 /* StringMD5.swift */ = {isa = PBXFileReference; fileEncoding = 4; lastKnownFileType = sourcecode.swift; path = StringMD5.swift; sourceTree = "<group>"; };
		A83D258823FF2DA50086ED13 /* MoyaService.swift */ = {isa = PBXFileReference; fileEncoding = 4; lastKnownFileType = sourcecode.swift; path = MoyaService.swift; sourceTree = "<group>"; };
		A83D258D23FF2F970086ED13 /* ServiceError.swift */ = {isa = PBXFileReference; fileEncoding = 4; lastKnownFileType = sourcecode.swift; path = ServiceError.swift; sourceTree = "<group>"; };
		A83D259023FF30430086ED13 /* DataWrapper.swift */ = {isa = PBXFileReference; fileEncoding = 4; lastKnownFileType = sourcecode.swift; path = DataWrapper.swift; sourceTree = "<group>"; };
		A83D259123FF30430086ED13 /* DataContainer.swift */ = {isa = PBXFileReference; fileEncoding = 4; lastKnownFileType = sourcecode.swift; path = DataContainer.swift; sourceTree = "<group>"; };
		A83D259223FF30430086ED13 /* Image.swift */ = {isa = PBXFileReference; fileEncoding = 4; lastKnownFileType = sourcecode.swift; path = Image.swift; sourceTree = "<group>"; };
		A87EF14223FF323200C71ED8 /* CharactersService.swift */ = {isa = PBXFileReference; fileEncoding = 4; lastKnownFileType = sourcecode.swift; path = CharactersService.swift; sourceTree = "<group>"; };
		A87EF14523FF329E00C71ED8 /* Character.swift */ = {isa = PBXFileReference; fileEncoding = 4; lastKnownFileType = sourcecode.swift; path = Character.swift; sourceTree = "<group>"; };
		A87EF14723FF32C700C71ED8 /* ComicList.swift */ = {isa = PBXFileReference; fileEncoding = 4; lastKnownFileType = sourcecode.swift; path = ComicList.swift; sourceTree = "<group>"; };
		A87EF14823FF32C700C71ED8 /* Series.swift */ = {isa = PBXFileReference; fileEncoding = 4; lastKnownFileType = sourcecode.swift; path = Series.swift; sourceTree = "<group>"; };
		A87EF14923FF32C700C71ED8 /* Comic.swift */ = {isa = PBXFileReference; fileEncoding = 4; lastKnownFileType = sourcecode.swift; path = Comic.swift; sourceTree = "<group>"; };
		A87EF14A23FF32C700C71ED8 /* SeriesList.swift */ = {isa = PBXFileReference; fileEncoding = 4; lastKnownFileType = sourcecode.swift; path = SeriesList.swift; sourceTree = "<group>"; };
		A87EF15B23FF396C00C71ED8 /* BaseViewModelProtocol.swift */ = {isa = PBXFileReference; lastKnownFileType = sourcecode.swift; path = BaseViewModelProtocol.swift; sourceTree = "<group>"; };
		A87EF15D23FF434900C71ED8 /* ViewDelegate.swift */ = {isa = PBXFileReference; lastKnownFileType = sourcecode.swift; path = ViewDelegate.swift; sourceTree = "<group>"; };
		A87EF16123FF443100C71ED8 /* BaseViewModel.swift */ = {isa = PBXFileReference; lastKnownFileType = sourcecode.swift; path = BaseViewModel.swift; sourceTree = "<group>"; };
		A87EF16323FFEB6E00C71ED8 /* PaginableViewModelProtocol.swift */ = {isa = PBXFileReference; lastKnownFileType = sourcecode.swift; path = PaginableViewModelProtocol.swift; sourceTree = "<group>"; };
		A87EF16523FFEBE100C71ED8 /* PaginableViewModel.swift */ = {isa = PBXFileReference; lastKnownFileType = sourcecode.swift; path = PaginableViewModel.swift; sourceTree = "<group>"; };
		A87EF16723FFECC600C71ED8 /* LoadableViewDelegate.swift */ = {isa = PBXFileReference; lastKnownFileType = sourcecode.swift; path = LoadableViewDelegate.swift; sourceTree = "<group>"; };
		A87EF16923FFF44A00C71ED8 /* CharactersServiceProtocol.swift */ = {isa = PBXFileReference; lastKnownFileType = sourcecode.swift; path = CharactersServiceProtocol.swift; sourceTree = "<group>"; };
		A87EF170240013E800C71ED8 /* UITableViewCell+Identifier+nib.swift */ = {isa = PBXFileReference; lastKnownFileType = sourcecode.swift; path = "UITableViewCell+Identifier+nib.swift"; sourceTree = "<group>"; };
		A8939F1C2403C66900FCD440 /* CharactersViewModelProtocol.swift */ = {isa = PBXFileReference; fileEncoding = 4; lastKnownFileType = sourcecode.swift; path = CharactersViewModelProtocol.swift; sourceTree = "<group>"; };
		A8939F1D2403C66900FCD440 /* CharactersViewModelCoordinatorDelegate.swift */ = {isa = PBXFileReference; fileEncoding = 4; lastKnownFileType = sourcecode.swift; path = CharactersViewModelCoordinatorDelegate.swift; sourceTree = "<group>"; };
		A8939F1E2403C66900FCD440 /* CharactersViewModel.swift */ = {isa = PBXFileReference; fileEncoding = 4; lastKnownFileType = sourcecode.swift; path = CharactersViewModel.swift; sourceTree = "<group>"; };
		A8939F222403C72C00FCD440 /* UIViewController+Alert.swift */ = {isa = PBXFileReference; lastKnownFileType = sourcecode.swift; path = "UIViewController+Alert.swift"; sourceTree = "<group>"; };
		A8AE549223FDC7D900D3D361 /* MVVMCMarvelCharacters.app */ = {isa = PBXFileReference; explicitFileType = wrapper.application; includeInIndex = 0; path = MVVMCMarvelCharacters.app; sourceTree = BUILT_PRODUCTS_DIR; };
		A8AE549523FDC7D900D3D361 /* AppDelegate.swift */ = {isa = PBXFileReference; lastKnownFileType = sourcecode.swift; path = AppDelegate.swift; sourceTree = "<group>"; };
		A8AE549723FDC7D900D3D361 /* SceneDelegate.swift */ = {isa = PBXFileReference; lastKnownFileType = sourcecode.swift; path = SceneDelegate.swift; sourceTree = "<group>"; };
		A8AE549E23FDC7DD00D3D361 /* Assets.xcassets */ = {isa = PBXFileReference; lastKnownFileType = folder.assetcatalog; path = Assets.xcassets; sourceTree = "<group>"; };
		A8AE54A123FDC7DD00D3D361 /* Base */ = {isa = PBXFileReference; lastKnownFileType = file.storyboard; name = Base; path = Base.lproj/LaunchScreen.storyboard; sourceTree = "<group>"; };
		A8AE54A323FDC7DD00D3D361 /* Info.plist */ = {isa = PBXFileReference; lastKnownFileType = text.plist.xml; path = Info.plist; sourceTree = "<group>"; };
		A8AE54A823FDC7DD00D3D361 /* MVVMCMarvelCharactersTests.xctest */ = {isa = PBXFileReference; explicitFileType = wrapper.cfbundle; includeInIndex = 0; path = MVVMCMarvelCharactersTests.xctest; sourceTree = BUILT_PRODUCTS_DIR; };
		A8AE54AC23FDC7DD00D3D361 /* MVVMCMarvelCharactersTests.swift */ = {isa = PBXFileReference; lastKnownFileType = sourcecode.swift; path = MVVMCMarvelCharactersTests.swift; sourceTree = "<group>"; };
		A8AE54AE23FDC7DD00D3D361 /* Info.plist */ = {isa = PBXFileReference; lastKnownFileType = text.plist.xml; path = Info.plist; sourceTree = "<group>"; };
		A8AE54B323FDC7DD00D3D361 /* MVVMCMarvelCharactersUITests.xctest */ = {isa = PBXFileReference; explicitFileType = wrapper.cfbundle; includeInIndex = 0; path = MVVMCMarvelCharactersUITests.xctest; sourceTree = BUILT_PRODUCTS_DIR; };
		A8AE54B723FDC7DD00D3D361 /* MVVMCMarvelCharactersUITests.swift */ = {isa = PBXFileReference; lastKnownFileType = sourcecode.swift; path = MVVMCMarvelCharactersUITests.swift; sourceTree = "<group>"; };
		A8AE54B923FDC7DD00D3D361 /* Info.plist */ = {isa = PBXFileReference; lastKnownFileType = text.plist.xml; path = Info.plist; sourceTree = "<group>"; };
		A8B28FFC2403CC0900BA053E /* LoadingCell.swift */ = {isa = PBXFileReference; lastKnownFileType = sourcecode.swift; path = LoadingCell.swift; sourceTree = "<group>"; };
		A8B28FFD2403CC0900BA053E /* LoadingCell.xib */ = {isa = PBXFileReference; lastKnownFileType = file.xib; path = LoadingCell.xib; sourceTree = "<group>"; };
		A8B290022403DE4400BA053E /* CharacterInfoDescriptionlessCell.swift */ = {isa = PBXFileReference; lastKnownFileType = sourcecode.swift; path = CharacterInfoDescriptionlessCell.swift; sourceTree = "<group>"; };
		A8B290032403DE4400BA053E /* CharacterInfoDescriptionlessCell.xib */ = {isa = PBXFileReference; lastKnownFileType = file.xib; path = CharacterInfoDescriptionlessCell.xib; sourceTree = "<group>"; };
		A8B5F68F23FDCA0200CDC5B4 /* Coordinator.swift */ = {isa = PBXFileReference; lastKnownFileType = sourcecode.swift; path = Coordinator.swift; sourceTree = "<group>"; };
		A8B5F69123FDCA7800CDC5B4 /* AppCoordinator.swift */ = {isa = PBXFileReference; lastKnownFileType = sourcecode.swift; path = AppCoordinator.swift; sourceTree = "<group>"; };
		A8B5F69623FDD4A800CDC5B4 /* CharactersCoordinator.swift */ = {isa = PBXFileReference; lastKnownFileType = sourcecode.swift; path = CharactersCoordinator.swift; sourceTree = "<group>"; };
		A8BA82E42401696100710080 /* CharactersDataSource.swift */ = {isa = PBXFileReference; lastKnownFileType = sourcecode.swift; path = CharactersDataSource.swift; sourceTree = "<group>"; };
		A8BA82E62401707A00710080 /* InfiniteCollectionViewDelegate.swift */ = {isa = PBXFileReference; lastKnownFileType = sourcecode.swift; path = InfiniteCollectionViewDelegate.swift; sourceTree = "<group>"; };
		A8BA82EA2401739500710080 /* CharacterCoordinator.swift */ = {isa = PBXFileReference; lastKnownFileType = sourcecode.swift; path = CharacterCoordinator.swift; sourceTree = "<group>"; };
		A8BA82EE2402779400710080 /* CharacterVC.swift */ = {isa = PBXFileReference; lastKnownFileType = sourcecode.swift; path = CharacterVC.swift; sourceTree = "<group>"; };
		A8BA82EF2402779400710080 /* CharacterVC.xib */ = {isa = PBXFileReference; lastKnownFileType = file.xib; path = CharacterVC.xib; sourceTree = "<group>"; };
		A8BA82F224027A0600710080 /* CharacterDataSource.swift */ = {isa = PBXFileReference; lastKnownFileType = sourcecode.swift; path = CharacterDataSource.swift; sourceTree = "<group>"; };
		A8BA82F424027A9200710080 /* CharacterViewModel.swift */ = {isa = PBXFileReference; lastKnownFileType = sourcecode.swift; path = CharacterViewModel.swift; sourceTree = "<group>"; };
		A8BA82F624027AA700710080 /* CharacterViewModelProtocol.swift */ = {isa = PBXFileReference; lastKnownFileType = sourcecode.swift; path = CharacterViewModelProtocol.swift; sourceTree = "<group>"; };
		A8BA82F82402816B00710080 /* CharacterSectionProtocol.swift */ = {isa = PBXFileReference; lastKnownFileType = sourcecode.swift; path = CharacterSectionProtocol.swift; sourceTree = "<group>"; };
		A8BA82FA240281D800710080 /* CharacterSectionType.swift */ = {isa = PBXFileReference; lastKnownFileType = sourcecode.swift; path = CharacterSectionType.swift; sourceTree = "<group>"; };
		A8BA82FC240282F300710080 /* CharacterInfoViewModelProtocol.swift */ = {isa = PBXFileReference; lastKnownFileType = sourcecode.swift; path = CharacterInfoViewModelProtocol.swift; sourceTree = "<group>"; };
		A8BA82FF2402830F00710080 /* CharacterInfoViewModel.swift */ = {isa = PBXFileReference; lastKnownFileType = sourcecode.swift; path = CharacterInfoViewModel.swift; sourceTree = "<group>"; };
		A8BA83022402848F00710080 /* CharacterComicsViewModelProtocol.swift */ = {isa = PBXFileReference; lastKnownFileType = sourcecode.swift; path = CharacterComicsViewModelProtocol.swift; sourceTree = "<group>"; };
		A8BA8305240285AE00710080 /* CharacterComicsViewModel.swift */ = {isa = PBXFileReference; lastKnownFileType = sourcecode.swift; path = CharacterComicsViewModel.swift; sourceTree = "<group>"; };
		A8BA83082402869800710080 /* CharacterComicsServiceProtocol.swift */ = {isa = PBXFileReference; lastKnownFileType = sourcecode.swift; path = CharacterComicsServiceProtocol.swift; sourceTree = "<group>"; };
		A8BA830A2402898400710080 /* CharacterComicsService.swift */ = {isa = PBXFileReference; lastKnownFileType = sourcecode.swift; path = CharacterComicsService.swift; sourceTree = "<group>"; };
		A8BA830D24028BDE00710080 /* CharacterSeriesViewModelProtocol.swift */ = {isa = PBXFileReference; lastKnownFileType = sourcecode.swift; path = CharacterSeriesViewModelProtocol.swift; sourceTree = "<group>"; };
		A8BA830F24028BF400710080 /* CharacterSeriesViewModel.swift */ = {isa = PBXFileReference; lastKnownFileType = sourcecode.swift; path = CharacterSeriesViewModel.swift; sourceTree = "<group>"; };
		A8BA831124028C1700710080 /* CharacterSeriesService.swift */ = {isa = PBXFileReference; lastKnownFileType = sourcecode.swift; path = CharacterSeriesService.swift; sourceTree = "<group>"; };
		A8BA831324028C3600710080 /* CharacterSeriesServiceProtocol.swift */ = {isa = PBXFileReference; lastKnownFileType = sourcecode.swift; path = CharacterSeriesServiceProtocol.swift; sourceTree = "<group>"; };
		A8BA8317240290FF00710080 /* CharacterInfoCell.swift */ = {isa = PBXFileReference; lastKnownFileType = sourcecode.swift; path = CharacterInfoCell.swift; sourceTree = "<group>"; };
		A8BA8318240290FF00710080 /* CharacterInfoCell.xib */ = {isa = PBXFileReference; lastKnownFileType = file.xib; path = CharacterInfoCell.xib; sourceTree = "<group>"; };
		A8BA831E2402A4C100710080 /* CharacterComicsCell.swift */ = {isa = PBXFileReference; lastKnownFileType = sourcecode.swift; path = CharacterComicsCell.swift; sourceTree = "<group>"; };
		A8BA831F2402A4C100710080 /* CharacterComicsCell.xib */ = {isa = PBXFileReference; lastKnownFileType = file.xib; path = CharacterComicsCell.xib; sourceTree = "<group>"; };
		A8BA83252402AB9E00710080 /* ComicsCollectionViewCell.swift */ = {isa = PBXFileReference; lastKnownFileType = sourcecode.swift; path = ComicsCollectionViewCell.swift; sourceTree = "<group>"; };
		A8BA83262402AB9E00710080 /* ComicsCollectionViewCell.xib */ = {isa = PBXFileReference; lastKnownFileType = file.xib; path = ComicsCollectionViewCell.xib; sourceTree = "<group>"; };
		A8BA83292402ACB600710080 /* UIImageView+ByUrl.swift */ = {isa = PBXFileReference; lastKnownFileType = sourcecode.swift; path = "UIImageView+ByUrl.swift"; sourceTree = "<group>"; };
		A8BA832B2402EA5400710080 /* CharacterComicsDataSource.swift */ = {isa = PBXFileReference; lastKnownFileType = sourcecode.swift; path = CharacterComicsDataSource.swift; sourceTree = "<group>"; };
		A8BA832D2402F10900710080 /* UICollectionViewCell+Identifier+nib.swift */ = {isa = PBXFileReference; lastKnownFileType = sourcecode.swift; path = "UICollectionViewCell+Identifier+nib.swift"; sourceTree = "<group>"; };
		A8DD039023FF1E0000F2AD10 /* Environment.swift */ = {isa = PBXFileReference; fileEncoding = 4; lastKnownFileType = sourcecode.swift; path = Environment.swift; sourceTree = "<group>"; };
		A8F342C92403042A00D2DCE9 /* CharacterSeriesDataSource.swift */ = {isa = PBXFileReference; lastKnownFileType = sourcecode.swift; path = CharacterSeriesDataSource.swift; sourceTree = "<group>"; };
		A8F342CF2403083500D2DCE9 /* CharacterSeriesCell.swift */ = {isa = PBXFileReference; lastKnownFileType = sourcecode.swift; path = CharacterSeriesCell.swift; sourceTree = "<group>"; };
		A8F342D02403083500D2DCE9 /* CharacterSeriesCell.xib */ = {isa = PBXFileReference; lastKnownFileType = file.xib; path = CharacterSeriesCell.xib; sourceTree = "<group>"; };
		A8F342D3240308A500D2DCE9 /* SeriesCollectionViewCell.swift */ = {isa = PBXFileReference; lastKnownFileType = sourcecode.swift; path = SeriesCollectionViewCell.swift; sourceTree = "<group>"; };
		A8F342D4240308A500D2DCE9 /* SeriesCollectionViewCell.xib */ = {isa = PBXFileReference; lastKnownFileType = file.xib; path = SeriesCollectionViewCell.xib; sourceTree = "<group>"; };
		A8F342D724030A2B00D2DCE9 /* CharactersVС.swift */ = {isa = PBXFileReference; lastKnownFileType = sourcecode.swift; path = "CharactersVС.swift"; sourceTree = "<group>"; };
		A8F342D824030A2B00D2DCE9 /* CharactersVC.xib */ = {isa = PBXFileReference; lastKnownFileType = file.xib; path = CharactersVC.xib; sourceTree = "<group>"; };
		A8F342DC24030A8C00D2DCE9 /* CharacterCell.swift */ = {isa = PBXFileReference; lastKnownFileType = sourcecode.swift; path = CharacterCell.swift; sourceTree = "<group>"; };
		A8F342DD24030A8C00D2DCE9 /* CharacterCell.xib */ = {isa = PBXFileReference; lastKnownFileType = file.xib; path = CharacterCell.xib; sourceTree = "<group>"; };
		A8F342F42403AA0200D2DCE9 /* BaseCoordinator.swift */ = {isa = PBXFileReference; lastKnownFileType = sourcecode.swift; path = BaseCoordinator.swift; sourceTree = "<group>"; };
		C4A78119E4F132D304F5539F /* Pods-MVVMCMarvelCharacters.release.xcconfig */ = {isa = PBXFileReference; includeInIndex = 1; lastKnownFileType = text.xcconfig; name = "Pods-MVVMCMarvelCharacters.release.xcconfig"; path = "Target Support Files/Pods-MVVMCMarvelCharacters/Pods-MVVMCMarvelCharacters.release.xcconfig"; sourceTree = "<group>"; };
		C9B13B5F240559A200D8171D /* Release.xcconfig */ = {isa = PBXFileReference; fileEncoding = 4; lastKnownFileType = text.xcconfig; path = Release.xcconfig; sourceTree = "<group>"; };
		C9B13B60240559A200D8171D /* Development.xcconfig */ = {isa = PBXFileReference; fileEncoding = 4; lastKnownFileType = text.xcconfig; path = Development.xcconfig; sourceTree = "<group>"; };
		CC0FBCE4BD5A92E71A2E9147 /* Pods_MVVMCMarvelCharacters_MVVMCMarvelCharactersUITests.framework */ = {isa = PBXFileReference; explicitFileType = wrapper.framework; includeInIndex = 0; path = Pods_MVVMCMarvelCharacters_MVVMCMarvelCharactersUITests.framework; sourceTree = BUILT_PRODUCTS_DIR; };
		CE1216826112F4A260F90FDB /* Pods-MVVMCMarvelCharacters-MVVMCMarvelCharactersUITests.release.xcconfig */ = {isa = PBXFileReference; includeInIndex = 1; lastKnownFileType = text.xcconfig; name = "Pods-MVVMCMarvelCharacters-MVVMCMarvelCharactersUITests.release.xcconfig"; path = "Target Support Files/Pods-MVVMCMarvelCharacters-MVVMCMarvelCharactersUITests/Pods-MVVMCMarvelCharacters-MVVMCMarvelCharactersUITests.release.xcconfig"; sourceTree = "<group>"; };
/* End PBXFileReference section */

/* Begin PBXFrameworksBuildPhase section */
		A8AE548F23FDC7D900D3D361 /* Frameworks */ = {
			isa = PBXFrameworksBuildPhase;
			buildActionMask = 2147483647;
			files = (
				F3EACBF1E010C6D3848808FC /* Pods_MVVMCMarvelCharacters.framework in Frameworks */,
			);
			runOnlyForDeploymentPostprocessing = 0;
		};
		A8AE54A523FDC7DD00D3D361 /* Frameworks */ = {
			isa = PBXFrameworksBuildPhase;
			buildActionMask = 2147483647;
			files = (
				A02A2D081B45BE1BEEFD3E2E /* Pods_MVVMCMarvelCharactersTests.framework in Frameworks */,
			);
			runOnlyForDeploymentPostprocessing = 0;
		};
		A8AE54B023FDC7DD00D3D361 /* Frameworks */ = {
			isa = PBXFrameworksBuildPhase;
			buildActionMask = 2147483647;
			files = (
				4B9EF750733806E5732F9A7A /* Pods_MVVMCMarvelCharacters_MVVMCMarvelCharactersUITests.framework in Frameworks */,
			);
			runOnlyForDeploymentPostprocessing = 0;
		};
/* End PBXFrameworksBuildPhase section */

/* Begin PBXGroup section */
		068F207A516D53E038070675 /* Frameworks */ = {
			isa = PBXGroup;
			children = (
				733353E7751F1861FC2A4D97 /* Pods_MVVMCMarvelCharacters.framework */,
				CC0FBCE4BD5A92E71A2E9147 /* Pods_MVVMCMarvelCharacters_MVVMCMarvelCharactersUITests.framework */,
				232CCE3E84E834225424494A /* Pods_MVVMCMarvelCharactersTests.framework */,
			);
			name = Frameworks;
			sourceTree = "<group>";
		};
		893F5639B9E33B5165179F77 /* Pods */ = {
			isa = PBXGroup;
			children = (
				14F77BF78B0BA5AE4D79B083 /* Pods-MVVMCMarvelCharacters.debug.xcconfig */,
				C4A78119E4F132D304F5539F /* Pods-MVVMCMarvelCharacters.release.xcconfig */,
				A50A069A1831C9A609241AA7 /* Pods-MVVMCMarvelCharacters-MVVMCMarvelCharactersUITests.debug.xcconfig */,
				CE1216826112F4A260F90FDB /* Pods-MVVMCMarvelCharacters-MVVMCMarvelCharactersUITests.release.xcconfig */,
				46C1DDD8B1174C7E334AA4A2 /* Pods-MVVMCMarvelCharactersTests.debug.xcconfig */,
				533CE7E5339AC434509C4D2B /* Pods-MVVMCMarvelCharactersTests.release.xcconfig */,
			);
			path = Pods;
			sourceTree = "<group>";
		};
		A812629D24044879004C14A5 /* Resources */ = {
			isa = PBXGroup;
			children = (
				A8AE549E23FDC7DD00D3D361 /* Assets.xcassets */,
			);
			path = Resources;
			sourceTree = "<group>";
		};
		A812629E240448B6004C14A5 /* Cells */ = {
			isa = PBXGroup;
			children = (
				A8B28FFC2403CC0900BA053E /* LoadingCell.swift */,
				A8B28FFD2403CC0900BA053E /* LoadingCell.xib */,
			);
			path = Cells;
			sourceTree = "<group>";
		};
		A83D258323FF2C7C0086ED13 /* Network */ = {
			isa = PBXGroup;
			children = (
				A83D258023FF2C6A0086ED13 /* API.swift */,
			);
			path = Network;
			sourceTree = "<group>";
		};
		A83D258423FF2CA90086ED13 /* Utils */ = {
			isa = PBXGroup;
			children = (
				A83D258523FF2CA90086ED13 /* StringMD5.swift */,
			);
			path = Utils;
			sourceTree = "<group>";
		};
		A83D258723FF2DA50086ED13 /* Services */ = {
			isa = PBXGroup;
			children = (
				A83D258823FF2DA50086ED13 /* MoyaService.swift */,
			);
			path = Services;
			sourceTree = "<group>";
		};
		A83D258A23FF2F970086ED13 /* Common */ = {
			isa = PBXGroup;
			children = (
				A87EF16F240013CB00C71ED8 /* Extensions */,
				A83D258B23FF2F970086ED13 /* Errors */,
				A8B5F69C23FDD91F00CDC5B4 /* Coordinators */,
				A83D258723FF2DA50086ED13 /* Services */,
				A8DD036B23FDDCF300F2AD10 /* Models */,
				A87EF15823FF392D00C71ED8 /* ViewModel */,
				A87EF15523FF388A00C71ED8 /* Views */,
			);
			name = Common;
			path = MVVMCMarvelCharacters/Common;
			sourceTree = SOURCE_ROOT;
		};
		A83D258B23FF2F970086ED13 /* Errors */ = {
			isa = PBXGroup;
			children = (
				A83D258D23FF2F970086ED13 /* ServiceError.swift */,
			);
			path = Errors;
			sourceTree = "<group>";
		};
		A8417A7C2404630B00A05DC0 /* Sections */ = {
			isa = PBXGroup;
			children = (
				A8BA82FE240282F600710080 /* Info */,
				A8BA83012402847800710080 /* Comics */,
				A8BA830C24028BCB00710080 /* Series */,
				A8BA82F82402816B00710080 /* CharacterSectionProtocol.swift */,
				A8BA82FA240281D800710080 /* CharacterSectionType.swift */,
			);
			path = Sections;
			sourceTree = "<group>";
		};
		A8417A7D2404634900A05DC0 /* Sections */ = {
			isa = PBXGroup;
			children = (
				A8BA83302402FCBA00710080 /* Info */,
				A8BA83312402FCC800710080 /* Comics */,
				A8F342C3240302A400D2DCE9 /* Series */,
			);
			path = Sections;
			sourceTree = "<group>";
		};
		A87EF14123FF323200C71ED8 /* Services */ = {
			isa = PBXGroup;
			children = (
				A87EF14223FF323200C71ED8 /* CharactersService.swift */,
				A87EF16923FFF44A00C71ED8 /* CharactersServiceProtocol.swift */,
			);
			path = Services;
			sourceTree = "<group>";
		};
		A87EF14423FF329E00C71ED8 /* Models */ = {
			isa = PBXGroup;
			children = (
				A87EF14523FF329E00C71ED8 /* Character.swift */,
				A87EF14723FF32C700C71ED8 /* ComicList.swift */,
				A87EF14A23FF32C700C71ED8 /* SeriesList.swift */,
			);
			path = Models;
			sourceTree = "<group>";
		};
		A87EF15523FF388A00C71ED8 /* Views */ = {
			isa = PBXGroup;
			children = (
				A812629E240448B6004C14A5 /* Cells */,
				A87EF15D23FF434900C71ED8 /* ViewDelegate.swift */,
				A87EF16723FFECC600C71ED8 /* LoadableViewDelegate.swift */,
				A8BA82E62401707A00710080 /* InfiniteCollectionViewDelegate.swift */,
			);
			path = Views;
			sourceTree = "<group>";
		};
		A87EF15823FF392D00C71ED8 /* ViewModel */ = {
			isa = PBXGroup;
			children = (
				A87EF15B23FF396C00C71ED8 /* BaseViewModelProtocol.swift */,
				A87EF16123FF443100C71ED8 /* BaseViewModel.swift */,
				A87EF16323FFEB6E00C71ED8 /* PaginableViewModelProtocol.swift */,
				A87EF16523FFEBE100C71ED8 /* PaginableViewModel.swift */,
			);
			path = ViewModel;
			sourceTree = "<group>";
		};
		A87EF16F240013CB00C71ED8 /* Extensions */ = {
			isa = PBXGroup;
			children = (
				A87EF170240013E800C71ED8 /* UITableViewCell+Identifier+nib.swift */,
				A8BA832D2402F10900710080 /* UICollectionViewCell+Identifier+nib.swift */,
				A8BA83292402ACB600710080 /* UIImageView+ByUrl.swift */,
				A8939F222403C72C00FCD440 /* UIViewController+Alert.swift */,
			);
			path = Extensions;
			sourceTree = "<group>";
		};
		A8939F1B2403C66900FCD440 /* ViewModels */ = {
			isa = PBXGroup;
			children = (
				A8939F1C2403C66900FCD440 /* CharactersViewModelProtocol.swift */,
				A8939F1E2403C66900FCD440 /* CharactersViewModel.swift */,
				A8939F1D2403C66900FCD440 /* CharactersViewModelCoordinatorDelegate.swift */,
			);
			name = ViewModels;
			path = MVVMCMarvelCharacters/Modules/Characters/ViewModels;
			sourceTree = SOURCE_ROOT;
		};
		A8AE548923FDC7D900D3D361 = {
			isa = PBXGroup;
			children = (
				A8AE549423FDC7D900D3D361 /* MVVMCMarvelCharacters */,
				A8AE54AB23FDC7DD00D3D361 /* MVVMCMarvelCharactersTests */,
				A8AE54B623FDC7DD00D3D361 /* MVVMCMarvelCharactersUITests */,
				A8AE549323FDC7D900D3D361 /* Products */,
				893F5639B9E33B5165179F77 /* Pods */,
				068F207A516D53E038070675 /* Frameworks */,
			);
			sourceTree = "<group>";
		};
		A8AE549323FDC7D900D3D361 /* Products */ = {
			isa = PBXGroup;
			children = (
				A8AE549223FDC7D900D3D361 /* MVVMCMarvelCharacters.app */,
				A8AE54A823FDC7DD00D3D361 /* MVVMCMarvelCharactersTests.xctest */,
				A8AE54B323FDC7DD00D3D361 /* MVVMCMarvelCharactersUITests.xctest */,
			);
			name = Products;
			sourceTree = "<group>";
		};
		A8AE549423FDC7D900D3D361 /* MVVMCMarvelCharacters */ = {
			isa = PBXGroup;
			children = (
				A8DD038F23FF1E0000F2AD10 /* Configs */,
				A8B5F68923FDC88200CDC5B4 /* App */,
				A812629D24044879004C14A5 /* Resources */,
				A83D258A23FF2F970086ED13 /* Common */,
				A83D258323FF2C7C0086ED13 /* Network */,
				A8B5F68A23FDC9B800CDC5B4 /* Modules */,
				A83D258423FF2CA90086ED13 /* Utils */,
			);
			path = MVVMCMarvelCharacters;
			sourceTree = "<group>";
		};
		A8AE54AB23FDC7DD00D3D361 /* MVVMCMarvelCharactersTests */ = {
			isa = PBXGroup;
			children = (
				A8AE54AC23FDC7DD00D3D361 /* MVVMCMarvelCharactersTests.swift */,
				A8AE54AE23FDC7DD00D3D361 /* Info.plist */,
			);
			path = MVVMCMarvelCharactersTests;
			sourceTree = "<group>";
		};
		A8AE54B623FDC7DD00D3D361 /* MVVMCMarvelCharactersUITests */ = {
			isa = PBXGroup;
			children = (
				A8AE54B723FDC7DD00D3D361 /* MVVMCMarvelCharactersUITests.swift */,
				A8AE54B923FDC7DD00D3D361 /* Info.plist */,
			);
			path = MVVMCMarvelCharactersUITests;
			sourceTree = "<group>";
		};
		A8B5F68923FDC88200CDC5B4 /* App */ = {
			isa = PBXGroup;
			children = (
				A8AE54A023FDC7DD00D3D361 /* LaunchScreen.storyboard */,
				A8AE549523FDC7D900D3D361 /* AppDelegate.swift */,
				A8AE549723FDC7D900D3D361 /* SceneDelegate.swift */,
				A8B5F69123FDCA7800CDC5B4 /* AppCoordinator.swift */,
			);
			path = App;
			sourceTree = "<group>";
		};
		A8B5F68A23FDC9B800CDC5B4 /* Modules */ = {
			isa = PBXGroup;
			children = (
				A8B5F69323FDCD1B00CDC5B4 /* Characters */,
				A8BA82E82401737300710080 /* Character */,
			);
			path = Modules;
			sourceTree = "<group>";
		};
		A8B5F69323FDCD1B00CDC5B4 /* Characters */ = {
			isa = PBXGroup;
			children = (
				A8B5F69823FDD7B800CDC5B4 /* Coordinators */,
				A87EF14423FF329E00C71ED8 /* Models */,
				A87EF14123FF323200C71ED8 /* Services */,
				A8939F1B2403C66900FCD440 /* ViewModels */,
				A8DD036523FDDA8900F2AD10 /* Views */,
			);
			path = Characters;
			sourceTree = "<group>";
		};
		A8B5F69823FDD7B800CDC5B4 /* Coordinators */ = {
			isa = PBXGroup;
			children = (
				A8B5F69623FDD4A800CDC5B4 /* CharactersCoordinator.swift */,
			);
			path = Coordinators;
			sourceTree = "<group>";
		};
		A8B5F69C23FDD91F00CDC5B4 /* Coordinators */ = {
			isa = PBXGroup;
			children = (
				A8B5F68F23FDCA0200CDC5B4 /* Coordinator.swift */,
				A8F342F42403AA0200D2DCE9 /* BaseCoordinator.swift */,
			);
			path = Coordinators;
			sourceTree = "<group>";
		};
		A8BA82E82401737300710080 /* Character */ = {
			isa = PBXGroup;
			children = (
				A8BA82E92401738300710080 /* Coordinators */,
				A8BA83042402851900710080 /* Models */,
				A8BA83072402867A00710080 /* Services */,
				A8BA82EC2402775300710080 /* ViewModels */,
				A8BA82ED2402775B00710080 /* Views */,
			);
			path = Character;
			sourceTree = "<group>";
		};
		A8BA82E92401738300710080 /* Coordinators */ = {
			isa = PBXGroup;
			children = (
				A8BA82EA2401739500710080 /* CharacterCoordinator.swift */,
				A812629B24040480004C14A5 /* CharacterCoordinatorDelegate.swift */,
			);
			path = Coordinators;
			sourceTree = "<group>";
		};
		A8BA82EC2402775300710080 /* ViewModels */ = {
			isa = PBXGroup;
			children = (
				A8417A7C2404630B00A05DC0 /* Sections */,
				A8BA82F624027AA700710080 /* CharacterViewModelProtocol.swift */,
				A8BA82F424027A9200710080 /* CharacterViewModel.swift */,
				A81262992404038D004C14A5 /* CharacterViewModelCoordinatorDelegate.swift */,
			);
			path = ViewModels;
			sourceTree = "<group>";
		};
		A8BA82ED2402775B00710080 /* Views */ = {
			isa = PBXGroup;
			children = (
				A8417A7D2404634900A05DC0 /* Sections */,
				A8BA82EE2402779400710080 /* CharacterVC.swift */,
				A8BA82EF2402779400710080 /* CharacterVC.xib */,
				A8BA82F224027A0600710080 /* CharacterDataSource.swift */,
			);
			path = Views;
			sourceTree = "<group>";
		};
		A8BA82FE240282F600710080 /* Info */ = {
			isa = PBXGroup;
			children = (
				A8BA82FC240282F300710080 /* CharacterInfoViewModelProtocol.swift */,
				A8BA82FF2402830F00710080 /* CharacterInfoViewModel.swift */,
			);
			path = Info;
			sourceTree = "<group>";
		};
		A8BA83012402847800710080 /* Comics */ = {
			isa = PBXGroup;
			children = (
				A8BA83022402848F00710080 /* CharacterComicsViewModelProtocol.swift */,
				A8BA8305240285AE00710080 /* CharacterComicsViewModel.swift */,
			);
			path = Comics;
			sourceTree = "<group>";
		};
		A8BA83042402851900710080 /* Models */ = {
			isa = PBXGroup;
			children = (
				A87EF14823FF32C700C71ED8 /* Series.swift */,
				A87EF14923FF32C700C71ED8 /* Comic.swift */,
			);
			path = Models;
			sourceTree = "<group>";
		};
		A8BA83072402867A00710080 /* Services */ = {
			isa = PBXGroup;
			children = (
				A8BA831624028C7300710080 /* Comics */,
				A8BA831524028C6700710080 /* Series */,
			);
			path = Services;
			sourceTree = "<group>";
		};
		A8BA830C24028BCB00710080 /* Series */ = {
			isa = PBXGroup;
			children = (
				A8BA830D24028BDE00710080 /* CharacterSeriesViewModelProtocol.swift */,
				A8BA830F24028BF400710080 /* CharacterSeriesViewModel.swift */,
			);
			path = Series;
			sourceTree = "<group>";
		};
		A8BA831524028C6700710080 /* Series */ = {
			isa = PBXGroup;
			children = (
				A8BA831324028C3600710080 /* CharacterSeriesServiceProtocol.swift */,
				A8BA831124028C1700710080 /* CharacterSeriesService.swift */,
			);
			path = Series;
			sourceTree = "<group>";
		};
		A8BA831624028C7300710080 /* Comics */ = {
			isa = PBXGroup;
			children = (
				A8BA83082402869800710080 /* CharacterComicsServiceProtocol.swift */,
				A8BA830A2402898400710080 /* CharacterComicsService.swift */,
			);
			path = Comics;
			sourceTree = "<group>";
		};
		A8BA831D2402A4AD00710080 /* Cells */ = {
			isa = PBXGroup;
			children = (
				A8BA831E2402A4C100710080 /* CharacterComicsCell.swift */,
				A8BA831F2402A4C100710080 /* CharacterComicsCell.xib */,
				A8BA83252402AB9E00710080 /* ComicsCollectionViewCell.swift */,
				A8BA83262402AB9E00710080 /* ComicsCollectionViewCell.xib */,
			);
			path = Cells;
			sourceTree = "<group>";
		};
		A8BA83302402FCBA00710080 /* Info */ = {
			isa = PBXGroup;
			children = (
				A8BA8317240290FF00710080 /* CharacterInfoCell.swift */,
				A8BA8318240290FF00710080 /* CharacterInfoCell.xib */,
				A8B290022403DE4400BA053E /* CharacterInfoDescriptionlessCell.swift */,
				A8B290032403DE4400BA053E /* CharacterInfoDescriptionlessCell.xib */,
			);
			path = Info;
			sourceTree = "<group>";
		};
		A8BA83312402FCC800710080 /* Comics */ = {
			isa = PBXGroup;
			children = (
				A8BA831D2402A4AD00710080 /* Cells */,
				A8BA832B2402EA5400710080 /* CharacterComicsDataSource.swift */,
			);
			path = Comics;
			sourceTree = "<group>";
		};
		A8DD036523FDDA8900F2AD10 /* Views */ = {
			isa = PBXGroup;
			children = (
				A8F342DB24030A6900D2DCE9 /* Cells */,
				A8F342D724030A2B00D2DCE9 /* CharactersVС.swift */,
				A8F342D824030A2B00D2DCE9 /* CharactersVC.xib */,
				A8BA82E42401696100710080 /* CharactersDataSource.swift */,
			);
			path = Views;
			sourceTree = "<group>";
		};
		A8DD036B23FDDCF300F2AD10 /* Models */ = {
			isa = PBXGroup;
			children = (
				A83D259123FF30430086ED13 /* DataContainer.swift */,
				A83D259023FF30430086ED13 /* DataWrapper.swift */,
				A83D259223FF30430086ED13 /* Image.swift */,
			);
			path = Models;
			sourceTree = "<group>";
		};
		A8DD038F23FF1E0000F2AD10 /* Configs */ = {
			isa = PBXGroup;
			children = (
				A8AE54A323FDC7DD00D3D361 /* Info.plist */,
				A8DD039023FF1E0000F2AD10 /* Environment.swift */,
				C9B13B60240559A200D8171D /* Development.xcconfig */,
				C9B13B5F240559A200D8171D /* Release.xcconfig */,
			);
			path = Configs;
			sourceTree = "<group>";
		};
		A8F342C3240302A400D2DCE9 /* Series */ = {
			isa = PBXGroup;
			children = (
				A8F342C4240302B200D2DCE9 /* Cells */,
				A8F342C92403042A00D2DCE9 /* CharacterSeriesDataSource.swift */,
			);
			path = Series;
			sourceTree = "<group>";
		};
		A8F342C4240302B200D2DCE9 /* Cells */ = {
			isa = PBXGroup;
			children = (
				A8F342CF2403083500D2DCE9 /* CharacterSeriesCell.swift */,
				A8F342D02403083500D2DCE9 /* CharacterSeriesCell.xib */,
				A8F342D3240308A500D2DCE9 /* SeriesCollectionViewCell.swift */,
				A8F342D4240308A500D2DCE9 /* SeriesCollectionViewCell.xib */,
			);
			path = Cells;
			sourceTree = "<group>";
		};
		A8F342DB24030A6900D2DCE9 /* Cells */ = {
			isa = PBXGroup;
			children = (
				A8F342DC24030A8C00D2DCE9 /* CharacterCell.swift */,
				A8F342DD24030A8C00D2DCE9 /* CharacterCell.xib */,
			);
			path = Cells;
			sourceTree = "<group>";
		};
/* End PBXGroup section */

/* Begin PBXNativeTarget section */
		A8AE549123FDC7D900D3D361 /* MVVMCMarvelCharacters */ = {
			isa = PBXNativeTarget;
			buildConfigurationList = A8AE54BC23FDC7DD00D3D361 /* Build configuration list for PBXNativeTarget "MVVMCMarvelCharacters" */;
			buildPhases = (
				64841853FF42F7A9DFA64B16 /* [CP] Check Pods Manifest.lock */,
				A8AE548E23FDC7D900D3D361 /* Sources */,
				A8AE548F23FDC7D900D3D361 /* Frameworks */,
				A8AE549023FDC7D900D3D361 /* Resources */,
				C80D5FB6321A56E317BFA40C /* [CP] Embed Pods Frameworks */,
			);
			buildRules = (
			);
			dependencies = (
			);
			name = MVVMCMarvelCharacters;
			productName = MVVMCMarvelCharacters;
			productReference = A8AE549223FDC7D900D3D361 /* MVVMCMarvelCharacters.app */;
			productType = "com.apple.product-type.application";
		};
		A8AE54A723FDC7DD00D3D361 /* MVVMCMarvelCharactersTests */ = {
			isa = PBXNativeTarget;
			buildConfigurationList = A8AE54BF23FDC7DD00D3D361 /* Build configuration list for PBXNativeTarget "MVVMCMarvelCharactersTests" */;
			buildPhases = (
				F19E6A1BC4F54345FB07352F /* [CP] Check Pods Manifest.lock */,
				A8AE54A423FDC7DD00D3D361 /* Sources */,
				A8AE54A523FDC7DD00D3D361 /* Frameworks */,
				A8AE54A623FDC7DD00D3D361 /* Resources */,
			);
			buildRules = (
			);
			dependencies = (
				A8AE54AA23FDC7DD00D3D361 /* PBXTargetDependency */,
			);
			name = MVVMCMarvelCharactersTests;
			productName = MVVMCMarvelCharactersTests;
			productReference = A8AE54A823FDC7DD00D3D361 /* MVVMCMarvelCharactersTests.xctest */;
			productType = "com.apple.product-type.bundle.unit-test";
		};
		A8AE54B223FDC7DD00D3D361 /* MVVMCMarvelCharactersUITests */ = {
			isa = PBXNativeTarget;
			buildConfigurationList = A8AE54C223FDC7DD00D3D361 /* Build configuration list for PBXNativeTarget "MVVMCMarvelCharactersUITests" */;
			buildPhases = (
				71F6B666EE6CAB7A1A1B4F83 /* [CP] Check Pods Manifest.lock */,
				A8AE54AF23FDC7DD00D3D361 /* Sources */,
				A8AE54B023FDC7DD00D3D361 /* Frameworks */,
				A8AE54B123FDC7DD00D3D361 /* Resources */,
				AAC49A491696AD47AB7AD232 /* [CP] Embed Pods Frameworks */,
			);
			buildRules = (
			);
			dependencies = (
				A8AE54B523FDC7DD00D3D361 /* PBXTargetDependency */,
			);
			name = MVVMCMarvelCharactersUITests;
			productName = MVVMCMarvelCharactersUITests;
			productReference = A8AE54B323FDC7DD00D3D361 /* MVVMCMarvelCharactersUITests.xctest */;
			productType = "com.apple.product-type.bundle.ui-testing";
		};
/* End PBXNativeTarget section */

/* Begin PBXProject section */
		A8AE548A23FDC7D900D3D361 /* Project object */ = {
			isa = PBXProject;
			attributes = {
				LastSwiftUpdateCheck = 1130;
				LastUpgradeCheck = 1130;
				ORGANIZATIONNAME = Alexandr;
				TargetAttributes = {
					A8AE549123FDC7D900D3D361 = {
						CreatedOnToolsVersion = 11.3.1;
					};
					A8AE54A723FDC7DD00D3D361 = {
						CreatedOnToolsVersion = 11.3.1;
						TestTargetID = A8AE549123FDC7D900D3D361;
					};
					A8AE54B223FDC7DD00D3D361 = {
						CreatedOnToolsVersion = 11.3.1;
						TestTargetID = A8AE549123FDC7D900D3D361;
					};
				};
			};
			buildConfigurationList = A8AE548D23FDC7D900D3D361 /* Build configuration list for PBXProject "MVVMCMarvelCharacters" */;
			compatibilityVersion = "Xcode 9.3";
			developmentRegion = en;
			hasScannedForEncodings = 0;
			knownRegions = (
				en,
				Base,
			);
			mainGroup = A8AE548923FDC7D900D3D361;
			productRefGroup = A8AE549323FDC7D900D3D361 /* Products */;
			projectDirPath = "";
			projectRoot = "";
			targets = (
				A8AE549123FDC7D900D3D361 /* MVVMCMarvelCharacters */,
				A8AE54A723FDC7DD00D3D361 /* MVVMCMarvelCharactersTests */,
				A8AE54B223FDC7DD00D3D361 /* MVVMCMarvelCharactersUITests */,
			);
		};
/* End PBXProject section */

/* Begin PBXResourcesBuildPhase section */
		A8AE549023FDC7D900D3D361 /* Resources */ = {
			isa = PBXResourcesBuildPhase;
			buildActionMask = 2147483647;
			files = (
				A8BA83212402A4C100710080 /* CharacterComicsCell.xib in Resources */,
				A8BA82F12402779400710080 /* CharacterVC.xib in Resources */,
				A8F342DA24030A2B00D2DCE9 /* CharactersVC.xib in Resources */,
				A8F342D6240308A500D2DCE9 /* SeriesCollectionViewCell.xib in Resources */,
				A8F342DF24030A8C00D2DCE9 /* CharacterCell.xib in Resources */,
				A8AE54A223FDC7DD00D3D361 /* LaunchScreen.storyboard in Resources */,
				A8B28FFF2403CC0900BA053E /* LoadingCell.xib in Resources */,
				A8B290052403DE4400BA053E /* CharacterInfoDescriptionlessCell.xib in Resources */,
				C9B13B62240559A200D8171D /* Development.xcconfig in Resources */,
				A8BA831A240290FF00710080 /* CharacterInfoCell.xib in Resources */,
				A8AE549F23FDC7DD00D3D361 /* Assets.xcassets in Resources */,
				A8BA83282402AB9E00710080 /* ComicsCollectionViewCell.xib in Resources */,
				C9B13B61240559A200D8171D /* Release.xcconfig in Resources */,
				A8F342D22403083500D2DCE9 /* CharacterSeriesCell.xib in Resources */,
			);
			runOnlyForDeploymentPostprocessing = 0;
		};
		A8AE54A623FDC7DD00D3D361 /* Resources */ = {
			isa = PBXResourcesBuildPhase;
			buildActionMask = 2147483647;
			files = (
			);
			runOnlyForDeploymentPostprocessing = 0;
		};
		A8AE54B123FDC7DD00D3D361 /* Resources */ = {
			isa = PBXResourcesBuildPhase;
			buildActionMask = 2147483647;
			files = (
			);
			runOnlyForDeploymentPostprocessing = 0;
		};
/* End PBXResourcesBuildPhase section */

/* Begin PBXShellScriptBuildPhase section */
		64841853FF42F7A9DFA64B16 /* [CP] Check Pods Manifest.lock */ = {
			isa = PBXShellScriptBuildPhase;
			buildActionMask = 2147483647;
			files = (
			);
			inputFileListPaths = (
			);
			inputPaths = (
				"${PODS_PODFILE_DIR_PATH}/Podfile.lock",
				"${PODS_ROOT}/Manifest.lock",
			);
			name = "[CP] Check Pods Manifest.lock";
			outputFileListPaths = (
			);
			outputPaths = (
				"$(DERIVED_FILE_DIR)/Pods-MVVMCMarvelCharacters-checkManifestLockResult.txt",
			);
			runOnlyForDeploymentPostprocessing = 0;
			shellPath = /bin/sh;
			shellScript = "diff \"${PODS_PODFILE_DIR_PATH}/Podfile.lock\" \"${PODS_ROOT}/Manifest.lock\" > /dev/null\nif [ $? != 0 ] ; then\n    # print error to STDERR\n    echo \"error: The sandbox is not in sync with the Podfile.lock. Run 'pod install' or update your CocoaPods installation.\" >&2\n    exit 1\nfi\n# This output is used by Xcode 'outputs' to avoid re-running this script phase.\necho \"SUCCESS\" > \"${SCRIPT_OUTPUT_FILE_0}\"\n";
			showEnvVarsInLog = 0;
		};
		71F6B666EE6CAB7A1A1B4F83 /* [CP] Check Pods Manifest.lock */ = {
			isa = PBXShellScriptBuildPhase;
			buildActionMask = 2147483647;
			files = (
			);
			inputFileListPaths = (
			);
			inputPaths = (
				"${PODS_PODFILE_DIR_PATH}/Podfile.lock",
				"${PODS_ROOT}/Manifest.lock",
			);
			name = "[CP] Check Pods Manifest.lock";
			outputFileListPaths = (
			);
			outputPaths = (
				"$(DERIVED_FILE_DIR)/Pods-MVVMCMarvelCharacters-MVVMCMarvelCharactersUITests-checkManifestLockResult.txt",
			);
			runOnlyForDeploymentPostprocessing = 0;
			shellPath = /bin/sh;
			shellScript = "diff \"${PODS_PODFILE_DIR_PATH}/Podfile.lock\" \"${PODS_ROOT}/Manifest.lock\" > /dev/null\nif [ $? != 0 ] ; then\n    # print error to STDERR\n    echo \"error: The sandbox is not in sync with the Podfile.lock. Run 'pod install' or update your CocoaPods installation.\" >&2\n    exit 1\nfi\n# This output is used by Xcode 'outputs' to avoid re-running this script phase.\necho \"SUCCESS\" > \"${SCRIPT_OUTPUT_FILE_0}\"\n";
			showEnvVarsInLog = 0;
		};
		AAC49A491696AD47AB7AD232 /* [CP] Embed Pods Frameworks */ = {
			isa = PBXShellScriptBuildPhase;
			buildActionMask = 2147483647;
			files = (
			);
			inputFileListPaths = (
				"${PODS_ROOT}/Target Support Files/Pods-MVVMCMarvelCharacters-MVVMCMarvelCharactersUITests/Pods-MVVMCMarvelCharacters-MVVMCMarvelCharactersUITests-frameworks-${CONFIGURATION}-input-files.xcfilelist",
			);
			name = "[CP] Embed Pods Frameworks";
			outputFileListPaths = (
				"${PODS_ROOT}/Target Support Files/Pods-MVVMCMarvelCharacters-MVVMCMarvelCharactersUITests/Pods-MVVMCMarvelCharacters-MVVMCMarvelCharactersUITests-frameworks-${CONFIGURATION}-output-files.xcfilelist",
			);
			runOnlyForDeploymentPostprocessing = 0;
			shellPath = /bin/sh;
			shellScript = "\"${PODS_ROOT}/Target Support Files/Pods-MVVMCMarvelCharacters-MVVMCMarvelCharactersUITests/Pods-MVVMCMarvelCharacters-MVVMCMarvelCharactersUITests-frameworks.sh\"\n";
			showEnvVarsInLog = 0;
		};
		C80D5FB6321A56E317BFA40C /* [CP] Embed Pods Frameworks */ = {
			isa = PBXShellScriptBuildPhase;
			buildActionMask = 2147483647;
			files = (
			);
			inputFileListPaths = (
				"${PODS_ROOT}/Target Support Files/Pods-MVVMCMarvelCharacters/Pods-MVVMCMarvelCharacters-frameworks-${CONFIGURATION}-input-files.xcfilelist",
			);
			name = "[CP] Embed Pods Frameworks";
			outputFileListPaths = (
				"${PODS_ROOT}/Target Support Files/Pods-MVVMCMarvelCharacters/Pods-MVVMCMarvelCharacters-frameworks-${CONFIGURATION}-output-files.xcfilelist",
			);
			runOnlyForDeploymentPostprocessing = 0;
			shellPath = /bin/sh;
			shellScript = "\"${PODS_ROOT}/Target Support Files/Pods-MVVMCMarvelCharacters/Pods-MVVMCMarvelCharacters-frameworks.sh\"\n";
			showEnvVarsInLog = 0;
		};
		F19E6A1BC4F54345FB07352F /* [CP] Check Pods Manifest.lock */ = {
			isa = PBXShellScriptBuildPhase;
			buildActionMask = 2147483647;
			files = (
			);
			inputFileListPaths = (
			);
			inputPaths = (
				"${PODS_PODFILE_DIR_PATH}/Podfile.lock",
				"${PODS_ROOT}/Manifest.lock",
			);
			name = "[CP] Check Pods Manifest.lock";
			outputFileListPaths = (
			);
			outputPaths = (
				"$(DERIVED_FILE_DIR)/Pods-MVVMCMarvelCharactersTests-checkManifestLockResult.txt",
			);
			runOnlyForDeploymentPostprocessing = 0;
			shellPath = /bin/sh;
			shellScript = "diff \"${PODS_PODFILE_DIR_PATH}/Podfile.lock\" \"${PODS_ROOT}/Manifest.lock\" > /dev/null\nif [ $? != 0 ] ; then\n    # print error to STDERR\n    echo \"error: The sandbox is not in sync with the Podfile.lock. Run 'pod install' or update your CocoaPods installation.\" >&2\n    exit 1\nfi\n# This output is used by Xcode 'outputs' to avoid re-running this script phase.\necho \"SUCCESS\" > \"${SCRIPT_OUTPUT_FILE_0}\"\n";
			showEnvVarsInLog = 0;
		};
/* End PBXShellScriptBuildPhase section */

/* Begin PBXSourcesBuildPhase section */
		A8AE548E23FDC7D900D3D361 /* Sources */ = {
			isa = PBXSourcesBuildPhase;
			buildActionMask = 2147483647;
			files = (
				A83D258F23FF2F970086ED13 /* ServiceError.swift in Sources */,
				A812629C24040480004C14A5 /* CharacterCoordinatorDelegate.swift in Sources */,
				A8BA83092402869800710080 /* CharacterComicsServiceProtocol.swift in Sources */,
				A83D259523FF30430086ED13 /* Image.swift in Sources */,
				A87EF16423FFEB6E00C71ED8 /* PaginableViewModelProtocol.swift in Sources */,
				A8BA8306240285AE00710080 /* CharacterComicsViewModel.swift in Sources */,
				A87EF15C23FF396C00C71ED8 /* BaseViewModelProtocol.swift in Sources */,
				A87EF171240013E800C71ED8 /* UITableViewCell+Identifier+nib.swift in Sources */,
				A87EF16823FFECC600C71ED8 /* LoadableViewDelegate.swift in Sources */,
				A83D258123FF2C6A0086ED13 /* API.swift in Sources */,
				A8BA82F02402779400710080 /* CharacterVC.swift in Sources */,
				A8BA82E52401696100710080 /* CharactersDataSource.swift in Sources */,
				A8F342D5240308A500D2DCE9 /* SeriesCollectionViewCell.swift in Sources */,
				A8BA832A2402ACB600710080 /* UIImageView+ByUrl.swift in Sources */,
				A8F342F52403AA0200D2DCE9 /* BaseCoordinator.swift in Sources */,
				A8BA830B2402898400710080 /* CharacterComicsService.swift in Sources */,
				A8BA82FB240281D800710080 /* CharacterSectionType.swift in Sources */,
				A8939F212403C66900FCD440 /* CharactersViewModel.swift in Sources */,
				A8B5F69723FDD4A800CDC5B4 /* CharactersCoordinator.swift in Sources */,
				A8B5F69023FDCA0200CDC5B4 /* Coordinator.swift in Sources */,
				A87EF14623FF329E00C71ED8 /* Character.swift in Sources */,
				A87EF14C23FF32C800C71ED8 /* Series.swift in Sources */,
				A8B290042403DE4400BA053E /* CharacterInfoDescriptionlessCell.swift in Sources */,
				A8B5F69223FDCA7800CDC5B4 /* AppCoordinator.swift in Sources */,
				A83D259323FF30430086ED13 /* DataWrapper.swift in Sources */,
				A83D259423FF30430086ED13 /* DataContainer.swift in Sources */,
				A8BA83202402A4C100710080 /* CharacterComicsCell.swift in Sources */,
				A87EF14D23FF32C800C71ED8 /* Comic.swift in Sources */,
				A8BA82F724027AA700710080 /* CharacterViewModelProtocol.swift in Sources */,
				A812629A2404038D004C14A5 /* CharacterViewModelCoordinatorDelegate.swift in Sources */,
				A87EF15E23FF434900C71ED8 /* ViewDelegate.swift in Sources */,
				A8BA831424028C3600710080 /* CharacterSeriesServiceProtocol.swift in Sources */,
				A8BA83032402848F00710080 /* CharacterComicsViewModelProtocol.swift in Sources */,
				A87EF16223FF443100C71ED8 /* BaseViewModel.swift in Sources */,
				A8BA82EB2401739500710080 /* CharacterCoordinator.swift in Sources */,
				A8AE549623FDC7D900D3D361 /* AppDelegate.swift in Sources */,
				A8939F232403C72C00FCD440 /* UIViewController+Alert.swift in Sources */,
				A8939F1F2403C66900FCD440 /* CharactersViewModelProtocol.swift in Sources */,
				A8BA82E72401707A00710080 /* InfiniteCollectionViewDelegate.swift in Sources */,
				A8BA8319240290FF00710080 /* CharacterInfoCell.swift in Sources */,
				A8BA82F324027A0600710080 /* CharacterDataSource.swift in Sources */,
				A8F342D924030A2B00D2DCE9 /* CharactersVС.swift in Sources */,
				A8BA832E2402F10900710080 /* UICollectionViewCell+Identifier+nib.swift in Sources */,
				A8AE549823FDC7D900D3D361 /* SceneDelegate.swift in Sources */,
				A8F342CA2403042A00D2DCE9 /* CharacterSeriesDataSource.swift in Sources */,
				A8DD039523FF1E0000F2AD10 /* Environment.swift in Sources */,
				A8F342D12403083500D2DCE9 /* CharacterSeriesCell.swift in Sources */,
				A8939F202403C66900FCD440 /* CharactersViewModelCoordinatorDelegate.swift in Sources */,
				A8BA832C2402EA5400710080 /* CharacterComicsDataSource.swift in Sources */,
				A87EF14E23FF32C800C71ED8 /* SeriesList.swift in Sources */,
				A8BA831024028BF400710080 /* CharacterSeriesViewModel.swift in Sources */,
				A8BA830E24028BDE00710080 /* CharacterSeriesViewModelProtocol.swift in Sources */,
				A87EF16623FFEBE100C71ED8 /* PaginableViewModel.swift in Sources */,
				A8BA82F524027A9200710080 /* CharacterViewModel.swift in Sources */,
				A87EF16A23FFF44A00C71ED8 /* CharactersServiceProtocol.swift in Sources */,
				A87EF14323FF323200C71ED8 /* CharactersService.swift in Sources */,
				A8BA82F92402816B00710080 /* CharacterSectionProtocol.swift in Sources */,
				A8BA831224028C1700710080 /* CharacterSeriesService.swift in Sources */,
				A83D258623FF2CA90086ED13 /* StringMD5.swift in Sources */,
				A87EF14B23FF32C800C71ED8 /* ComicList.swift in Sources */,
				A8BA83002402830F00710080 /* CharacterInfoViewModel.swift in Sources */,
				A8F342DE24030A8C00D2DCE9 /* CharacterCell.swift in Sources */,
				A8BA82FD240282F300710080 /* CharacterInfoViewModelProtocol.swift in Sources */,
				A8B28FFE2403CC0900BA053E /* LoadingCell.swift in Sources */,
				A8BA83272402AB9E00710080 /* ComicsCollectionViewCell.swift in Sources */,
				A83D258923FF2DA50086ED13 /* MoyaService.swift in Sources */,
			);
			runOnlyForDeploymentPostprocessing = 0;
		};
		A8AE54A423FDC7DD00D3D361 /* Sources */ = {
			isa = PBXSourcesBuildPhase;
			buildActionMask = 2147483647;
			files = (
				A8AE54AD23FDC7DD00D3D361 /* MVVMCMarvelCharactersTests.swift in Sources */,
			);
			runOnlyForDeploymentPostprocessing = 0;
		};
		A8AE54AF23FDC7DD00D3D361 /* Sources */ = {
			isa = PBXSourcesBuildPhase;
			buildActionMask = 2147483647;
			files = (
				A8AE54B823FDC7DD00D3D361 /* MVVMCMarvelCharactersUITests.swift in Sources */,
			);
			runOnlyForDeploymentPostprocessing = 0;
		};
/* End PBXSourcesBuildPhase section */

/* Begin PBXTargetDependency section */
		A8AE54AA23FDC7DD00D3D361 /* PBXTargetDependency */ = {
			isa = PBXTargetDependency;
			target = A8AE549123FDC7D900D3D361 /* MVVMCMarvelCharacters */;
			targetProxy = A8AE54A923FDC7DD00D3D361 /* PBXContainerItemProxy */;
		};
		A8AE54B523FDC7DD00D3D361 /* PBXTargetDependency */ = {
			isa = PBXTargetDependency;
			target = A8AE549123FDC7D900D3D361 /* MVVMCMarvelCharacters */;
			targetProxy = A8AE54B423FDC7DD00D3D361 /* PBXContainerItemProxy */;
		};
/* End PBXTargetDependency section */

/* Begin PBXVariantGroup section */
		A8AE54A023FDC7DD00D3D361 /* LaunchScreen.storyboard */ = {
			isa = PBXVariantGroup;
			children = (
				A8AE54A123FDC7DD00D3D361 /* Base */,
			);
			name = LaunchScreen.storyboard;
			sourceTree = "<group>";
		};
/* End PBXVariantGroup section */

/* Begin XCBuildConfiguration section */
		A8AE54BA23FDC7DD00D3D361 /* Debug */ = {
			isa = XCBuildConfiguration;
			baseConfigurationReference = C9B13B60240559A200D8171D /* Development.xcconfig */;
			buildSettings = {
				ALWAYS_SEARCH_USER_PATHS = NO;
				CLANG_ANALYZER_NONNULL = YES;
				CLANG_ANALYZER_NUMBER_OBJECT_CONVERSION = YES_AGGRESSIVE;
				CLANG_CXX_LANGUAGE_STANDARD = "gnu++14";
				CLANG_CXX_LIBRARY = "libc++";
				CLANG_ENABLE_MODULES = YES;
				CLANG_ENABLE_OBJC_ARC = YES;
				CLANG_ENABLE_OBJC_WEAK = YES;
				CLANG_WARN_BLOCK_CAPTURE_AUTORELEASING = YES;
				CLANG_WARN_BOOL_CONVERSION = YES;
				CLANG_WARN_COMMA = YES;
				CLANG_WARN_CONSTANT_CONVERSION = YES;
				CLANG_WARN_DEPRECATED_OBJC_IMPLEMENTATIONS = YES;
				CLANG_WARN_DIRECT_OBJC_ISA_USAGE = YES_ERROR;
				CLANG_WARN_DOCUMENTATION_COMMENTS = YES;
				CLANG_WARN_EMPTY_BODY = YES;
				CLANG_WARN_ENUM_CONVERSION = YES;
				CLANG_WARN_INFINITE_RECURSION = YES;
				CLANG_WARN_INT_CONVERSION = YES;
				CLANG_WARN_NON_LITERAL_NULL_CONVERSION = YES;
				CLANG_WARN_OBJC_IMPLICIT_RETAIN_SELF = YES;
				CLANG_WARN_OBJC_LITERAL_CONVERSION = YES;
				CLANG_WARN_OBJC_ROOT_CLASS = YES_ERROR;
				CLANG_WARN_RANGE_LOOP_ANALYSIS = YES;
				CLANG_WARN_STRICT_PROTOTYPES = YES;
				CLANG_WARN_SUSPICIOUS_MOVE = YES;
				CLANG_WARN_UNGUARDED_AVAILABILITY = YES_AGGRESSIVE;
				CLANG_WARN_UNREACHABLE_CODE = YES;
				CLANG_WARN__DUPLICATE_METHOD_MATCH = YES;
				COPY_PHASE_STRIP = NO;
				DEBUG_INFORMATION_FORMAT = dwarf;
				ENABLE_STRICT_OBJC_MSGSEND = YES;
				ENABLE_TESTABILITY = YES;
				GCC_C_LANGUAGE_STANDARD = gnu11;
				GCC_DYNAMIC_NO_PIC = NO;
				GCC_NO_COMMON_BLOCKS = YES;
				GCC_OPTIMIZATION_LEVEL = 0;
				GCC_PREPROCESSOR_DEFINITIONS = (
					"DEBUG=1",
					"$(inherited)",
				);
				GCC_WARN_64_TO_32_BIT_CONVERSION = YES;
				GCC_WARN_ABOUT_RETURN_TYPE = YES_ERROR;
				GCC_WARN_UNDECLARED_SELECTOR = YES;
				GCC_WARN_UNINITIALIZED_AUTOS = YES_AGGRESSIVE;
				GCC_WARN_UNUSED_FUNCTION = YES;
				GCC_WARN_UNUSED_VARIABLE = YES;
				IPHONEOS_DEPLOYMENT_TARGET = 13.2;
				MTL_ENABLE_DEBUG_INFO = INCLUDE_SOURCE;
				MTL_FAST_MATH = YES;
				ONLY_ACTIVE_ARCH = YES;
				SDKROOT = iphoneos;
				SWIFT_ACTIVE_COMPILATION_CONDITIONS = DEBUG;
				SWIFT_OPTIMIZATION_LEVEL = "-Onone";
			};
			name = Debug;
		};
		A8AE54BB23FDC7DD00D3D361 /* Release */ = {
			isa = XCBuildConfiguration;
			baseConfigurationReference = C9B13B5F240559A200D8171D /* Release.xcconfig */;
			buildSettings = {
				ALWAYS_SEARCH_USER_PATHS = NO;
				CLANG_ANALYZER_NONNULL = YES;
				CLANG_ANALYZER_NUMBER_OBJECT_CONVERSION = YES_AGGRESSIVE;
				CLANG_CXX_LANGUAGE_STANDARD = "gnu++14";
				CLANG_CXX_LIBRARY = "libc++";
				CLANG_ENABLE_MODULES = YES;
				CLANG_ENABLE_OBJC_ARC = YES;
				CLANG_ENABLE_OBJC_WEAK = YES;
				CLANG_WARN_BLOCK_CAPTURE_AUTORELEASING = YES;
				CLANG_WARN_BOOL_CONVERSION = YES;
				CLANG_WARN_COMMA = YES;
				CLANG_WARN_CONSTANT_CONVERSION = YES;
				CLANG_WARN_DEPRECATED_OBJC_IMPLEMENTATIONS = YES;
				CLANG_WARN_DIRECT_OBJC_ISA_USAGE = YES_ERROR;
				CLANG_WARN_DOCUMENTATION_COMMENTS = YES;
				CLANG_WARN_EMPTY_BODY = YES;
				CLANG_WARN_ENUM_CONVERSION = YES;
				CLANG_WARN_INFINITE_RECURSION = YES;
				CLANG_WARN_INT_CONVERSION = YES;
				CLANG_WARN_NON_LITERAL_NULL_CONVERSION = YES;
				CLANG_WARN_OBJC_IMPLICIT_RETAIN_SELF = YES;
				CLANG_WARN_OBJC_LITERAL_CONVERSION = YES;
				CLANG_WARN_OBJC_ROOT_CLASS = YES_ERROR;
				CLANG_WARN_RANGE_LOOP_ANALYSIS = YES;
				CLANG_WARN_STRICT_PROTOTYPES = YES;
				CLANG_WARN_SUSPICIOUS_MOVE = YES;
				CLANG_WARN_UNGUARDED_AVAILABILITY = YES_AGGRESSIVE;
				CLANG_WARN_UNREACHABLE_CODE = YES;
				CLANG_WARN__DUPLICATE_METHOD_MATCH = YES;
				COPY_PHASE_STRIP = NO;
				DEBUG_INFORMATION_FORMAT = "dwarf-with-dsym";
				ENABLE_NS_ASSERTIONS = NO;
				ENABLE_STRICT_OBJC_MSGSEND = YES;
				GCC_C_LANGUAGE_STANDARD = gnu11;
				GCC_NO_COMMON_BLOCKS = YES;
				GCC_WARN_64_TO_32_BIT_CONVERSION = YES;
				GCC_WARN_ABOUT_RETURN_TYPE = YES_ERROR;
				GCC_WARN_UNDECLARED_SELECTOR = YES;
				GCC_WARN_UNINITIALIZED_AUTOS = YES_AGGRESSIVE;
				GCC_WARN_UNUSED_FUNCTION = YES;
				GCC_WARN_UNUSED_VARIABLE = YES;
				IPHONEOS_DEPLOYMENT_TARGET = 13.2;
				MTL_ENABLE_DEBUG_INFO = NO;
				MTL_FAST_MATH = YES;
				SDKROOT = iphoneos;
				SWIFT_COMPILATION_MODE = wholemodule;
				SWIFT_OPTIMIZATION_LEVEL = "-O";
				VALIDATE_PRODUCT = YES;
			};
			name = Release;
		};
		A8AE54BD23FDC7DD00D3D361 /* Debug */ = {
			isa = XCBuildConfiguration;
			baseConfigurationReference = C9B13B60240559A200D8171D /* Development.xcconfig */;
			buildSettings = {
				ASSETCATALOG_COMPILER_APPICON_NAME = AppIcon;
				CODE_SIGN_STYLE = Automatic;
				DEVELOPMENT_TEAM = 883M88478B;
				INFOPLIST_FILE = MVVMCMarvelCharacters/Configs/Info.plist;
				LD_RUNPATH_SEARCH_PATHS = (
					"$(inherited)",
					"@executable_path/Frameworks",
				);
				PRODUCT_BUNDLE_IDENTIFIER = krista.iMonitoring;
				PRODUCT_NAME = "$(TARGET_NAME)";
				SWIFT_VERSION = 5.0;
				TARGETED_DEVICE_FAMILY = "1,2";
			};
			name = Debug;
		};
		A8AE54BE23FDC7DD00D3D361 /* Release */ = {
			isa = XCBuildConfiguration;
			baseConfigurationReference = C9B13B5F240559A200D8171D /* Release.xcconfig */;
			buildSettings = {
				ASSETCATALOG_COMPILER_APPICON_NAME = AppIcon;
				CODE_SIGN_STYLE = Automatic;
				DEVELOPMENT_TEAM = 883M88478B;
				INFOPLIST_FILE = MVVMCMarvelCharacters/Configs/Info.plist;
				LD_RUNPATH_SEARCH_PATHS = (
					"$(inherited)",
					"@executable_path/Frameworks",
				);
				PRODUCT_BUNDLE_IDENTIFIER = krista.iMonitoring;
				PRODUCT_NAME = "$(TARGET_NAME)";
				SWIFT_VERSION = 5.0;
				TARGETED_DEVICE_FAMILY = "1,2";
			};
			name = Release;
		};
		A8AE54C023FDC7DD00D3D361 /* Debug */ = {
			isa = XCBuildConfiguration;
			baseConfigurationReference = 46C1DDD8B1174C7E334AA4A2 /* Pods-MVVMCMarvelCharactersTests.debug.xcconfig */;
			buildSettings = {
				ALWAYS_EMBED_SWIFT_STANDARD_LIBRARIES = YES;
				BUNDLE_LOADER = "$(TEST_HOST)";
				CODE_SIGN_STYLE = Automatic;
				INFOPLIST_FILE = MVVMCMarvelCharactersTests/Info.plist;
				IPHONEOS_DEPLOYMENT_TARGET = 13.2;
				LD_RUNPATH_SEARCH_PATHS = (
					"$(inherited)",
					"@executable_path/Frameworks",
					"@loader_path/Frameworks",
				);
				PRODUCT_BUNDLE_IDENTIFIER = com.marvel.MVVMCMarvelCharactersTests;
				PRODUCT_NAME = "$(TARGET_NAME)";
				SWIFT_VERSION = 5.0;
				TARGETED_DEVICE_FAMILY = "1,2";
				TEST_HOST = "$(BUILT_PRODUCTS_DIR)/MVVMCMarvelCharacters.app/MVVMCMarvelCharacters";
			};
			name = Debug;
		};
		A8AE54C123FDC7DD00D3D361 /* Release */ = {
			isa = XCBuildConfiguration;
			baseConfigurationReference = 533CE7E5339AC434509C4D2B /* Pods-MVVMCMarvelCharactersTests.release.xcconfig */;
			buildSettings = {
				ALWAYS_EMBED_SWIFT_STANDARD_LIBRARIES = YES;
				BUNDLE_LOADER = "$(TEST_HOST)";
				CODE_SIGN_STYLE = Automatic;
				INFOPLIST_FILE = MVVMCMarvelCharactersTests/Info.plist;
				IPHONEOS_DEPLOYMENT_TARGET = 13.2;
				LD_RUNPATH_SEARCH_PATHS = (
					"$(inherited)",
					"@executable_path/Frameworks",
					"@loader_path/Frameworks",
				);
				PRODUCT_BUNDLE_IDENTIFIER = com.marvel.MVVMCMarvelCharactersTests;
				PRODUCT_NAME = "$(TARGET_NAME)";
				SWIFT_VERSION = 5.0;
				TARGETED_DEVICE_FAMILY = "1,2";
				TEST_HOST = "$(BUILT_PRODUCTS_DIR)/MVVMCMarvelCharacters.app/MVVMCMarvelCharacters";
			};
			name = Release;
		};
		A8AE54C323FDC7DD00D3D361 /* Debug */ = {
			isa = XCBuildConfiguration;
			baseConfigurationReference = A50A069A1831C9A609241AA7 /* Pods-MVVMCMarvelCharacters-MVVMCMarvelCharactersUITests.debug.xcconfig */;
			buildSettings = {
				ALWAYS_EMBED_SWIFT_STANDARD_LIBRARIES = YES;
				CODE_SIGN_STYLE = Automatic;
				INFOPLIST_FILE = MVVMCMarvelCharactersUITests/Info.plist;
				LD_RUNPATH_SEARCH_PATHS = (
					"$(inherited)",
					"@executable_path/Frameworks",
					"@loader_path/Frameworks",
				);
				PRODUCT_BUNDLE_IDENTIFIER = com.marvel.MVVMCMarvelCharactersUITests;
				PRODUCT_NAME = "$(TARGET_NAME)";
				SWIFT_VERSION = 5.0;
				TARGETED_DEVICE_FAMILY = "1,2";
				TEST_TARGET_NAME = MVVMCMarvelCharacters;
			};
			name = Debug;
		};
		A8AE54C423FDC7DD00D3D361 /* Release */ = {
			isa = XCBuildConfiguration;
			baseConfigurationReference = CE1216826112F4A260F90FDB /* Pods-MVVMCMarvelCharacters-MVVMCMarvelCharactersUITests.release.xcconfig */;
			buildSettings = {
				ALWAYS_EMBED_SWIFT_STANDARD_LIBRARIES = YES;
				CODE_SIGN_STYLE = Automatic;
				INFOPLIST_FILE = MVVMCMarvelCharactersUITests/Info.plist;
				LD_RUNPATH_SEARCH_PATHS = (
					"$(inherited)",
					"@executable_path/Frameworks",
					"@loader_path/Frameworks",
				);
				PRODUCT_BUNDLE_IDENTIFIER = com.marvel.MVVMCMarvelCharactersUITests;
				PRODUCT_NAME = "$(TARGET_NAME)";
				SWIFT_VERSION = 5.0;
				TARGETED_DEVICE_FAMILY = "1,2";
				TEST_TARGET_NAME = MVVMCMarvelCharacters;
			};
			name = Release;
		};
/* End XCBuildConfiguration section */

/* Begin XCConfigurationList section */
		A8AE548D23FDC7D900D3D361 /* Build configuration list for PBXProject "MVVMCMarvelCharacters" */ = {
			isa = XCConfigurationList;
			buildConfigurations = (
				A8AE54BA23FDC7DD00D3D361 /* Debug */,
				A8AE54BB23FDC7DD00D3D361 /* Release */,
			);
			defaultConfigurationIsVisible = 0;
			defaultConfigurationName = Release;
		};
		A8AE54BC23FDC7DD00D3D361 /* Build configuration list for PBXNativeTarget "MVVMCMarvelCharacters" */ = {
			isa = XCConfigurationList;
			buildConfigurations = (
				A8AE54BD23FDC7DD00D3D361 /* Debug */,
				A8AE54BE23FDC7DD00D3D361 /* Release */,
			);
			defaultConfigurationIsVisible = 0;
			defaultConfigurationName = Release;
		};
		A8AE54BF23FDC7DD00D3D361 /* Build configuration list for PBXNativeTarget "MVVMCMarvelCharactersTests" */ = {
			isa = XCConfigurationList;
			buildConfigurations = (
				A8AE54C023FDC7DD00D3D361 /* Debug */,
				A8AE54C123FDC7DD00D3D361 /* Release */,
			);
			defaultConfigurationIsVisible = 0;
			defaultConfigurationName = Release;
		};
		A8AE54C223FDC7DD00D3D361 /* Build configuration list for PBXNativeTarget "MVVMCMarvelCharactersUITests" */ = {
			isa = XCConfigurationList;
			buildConfigurations = (
				A8AE54C323FDC7DD00D3D361 /* Debug */,
				A8AE54C423FDC7DD00D3D361 /* Release */,
			);
			defaultConfigurationIsVisible = 0;
			defaultConfigurationName = Release;
		};
/* End XCConfigurationList section */
	};
	rootObject = A8AE548A23FDC7D900D3D361 /* Project object */;
}
